// !$*UTF8*$!
{
	archiveVersion = 1;
	classes = {
	};
	objectVersion = 55;
	objects = {

/* Begin PBXBuildFile section */
		6BC792FE6EDDE9663D08A231 /* Pods_Techl.framework in Frameworks */ = {isa = PBXBuildFile; fileRef = CC52AF2B4CA789A8688A12D4 /* Pods_Techl.framework */; };
		A20C85CB28A1C6010012AAC8 /* MainTabBarViewController.swift in Sources */ = {isa = PBXBuildFile; fileRef = A20C85CA28A1C6010012AAC8 /* MainTabBarViewController.swift */; };
		A20C85CD28A1D93B0012AAC8 /* ForumPostViewController.swift in Sources */ = {isa = PBXBuildFile; fileRef = A20C85CC28A1D93B0012AAC8 /* ForumPostViewController.swift */; };
		A20C85D028A1DA0B0012AAC8 /* PostArticleTableViewCell.swift in Sources */ = {isa = PBXBuildFile; fileRef = A20C85CE28A1DA0B0012AAC8 /* PostArticleTableViewCell.swift */; };
		A20C85D128A1DA0B0012AAC8 /* PostArticleTableViewCell.xib in Resources */ = {isa = PBXBuildFile; fileRef = A20C85CF28A1DA0B0012AAC8 /* PostArticleTableViewCell.xib */; };
		A20C85DB28A1EF610012AAC8 /* PostReplyTableViewCell.swift in Sources */ = {isa = PBXBuildFile; fileRef = A20C85D928A1EF610012AAC8 /* PostReplyTableViewCell.swift */; };
		A20C85DC28A1EF610012AAC8 /* PostReplyTableViewCell.xib in Resources */ = {isa = PBXBuildFile; fileRef = A20C85DA28A1EF610012AAC8 /* PostReplyTableViewCell.xib */; };
		A21BB1E6289275D600B3F325 /* NXMLSearchCollectionReusableView.swift in Sources */ = {isa = PBXBuildFile; fileRef = A21BB1E5289275D600B3F325 /* NXMLSearchCollectionReusableView.swift */; };
		A2429B8A288E657A003E3573 /* HomeViewController.swift in Sources */ = {isa = PBXBuildFile; fileRef = A2429B89288E657A003E3573 /* HomeViewController.swift */; };
		A2429B8C288E65A6003E3573 /* HomeBannerCollectionViewCell.swift in Sources */ = {isa = PBXBuildFile; fileRef = A2429B8B288E65A6003E3573 /* HomeBannerCollectionViewCell.swift */; };
		A2429B8E288E65F9003E3573 /* BookListCollectionViewCell.swift in Sources */ = {isa = PBXBuildFile; fileRef = A2429B8D288E65F9003E3573 /* BookListCollectionViewCell.swift */; };
		A2429B90288E697B003E3573 /* BookListHeaderCollectionReusableView.swift in Sources */ = {isa = PBXBuildFile; fileRef = A2429B8F288E697B003E3573 /* BookListHeaderCollectionReusableView.swift */; };
		A243F10A287FB19400E46AE4 /* Search.storyboard in Resources */ = {isa = PBXBuildFile; fileRef = A243F109287FB19400E46AE4 /* Search.storyboard */; };
		A2442EF7289547E70001ED62 /* Banner.swift in Sources */ = {isa = PBXBuildFile; fileRef = A2442EF6289547E70001ED62 /* Banner.swift */; };
		A246BFB52896732700BE564C /* Main.storyboard in Resources */ = {isa = PBXBuildFile; fileRef = A246BFB32896719400BE564C /* Main.storyboard */; };
		A246BFB62896732700BE564C /* Home.storyboard in Resources */ = {isa = PBXBuildFile; fileRef = A2AFB27828766D240091C123 /* Home.storyboard */; };
		A246BFB92896737000BE564C /* Alamofire in Frameworks */ = {isa = PBXBuildFile; productRef = A246BFB82896737000BE564C /* Alamofire */; };
		A246BFBB2896827000BE564C /* ClubListCollectionViewCell.swift in Sources */ = {isa = PBXBuildFile; fileRef = A246BFBA2896827000BE564C /* ClubListCollectionViewCell.swift */; };
		A246BFBD2896A7EE00BE564C /* BookDetailViewController.swift in Sources */ = {isa = PBXBuildFile; fileRef = A246BFBC2896A7EE00BE564C /* BookDetailViewController.swift */; };
		A246BFC02896A99C00BE564C /* Club.storyboard in Resources */ = {isa = PBXBuildFile; fileRef = A246BFBF2896A99C00BE564C /* Club.storyboard */; };
		A246BFC22896A9DE00BE564C /* Forum.storyboard in Resources */ = {isa = PBXBuildFile; fileRef = A246BFC12896A9DE00BE564C /* Forum.storyboard */; };
		A246BFC52896AA1000BE564C /* MyPage.storyboard in Resources */ = {isa = PBXBuildFile; fileRef = A246BFC42896AA1000BE564C /* MyPage.storyboard */; };
		A246BFC72896AB8500BE564C /* BannerDetailViewController.swift in Sources */ = {isa = PBXBuildFile; fileRef = A246BFC62896AB8500BE564C /* BannerDetailViewController.swift */; };
		A246BFD22896C43100BE564C /* Documents.swift in Sources */ = {isa = PBXBuildFile; fileRef = A246BFD12896C43100BE564C /* Documents.swift */; };
		A2595382288300300065791E /* TextFieldEffects in Frameworks */ = {isa = PBXBuildFile; productRef = A2595381288300300065791E /* TextFieldEffects */; };
		A25FA56328A1B5DE00AB46DF /* ConciergeViewController.swift in Sources */ = {isa = PBXBuildFile; fileRef = A25FA56228A1B5DE00AB46DF /* ConciergeViewController.swift */; };
		A25FA56628A1B6B800AB46DF /* LandscapeManager.swift in Sources */ = {isa = PBXBuildFile; fileRef = A25FA56528A1B6B800AB46DF /* LandscapeManager.swift */; };
		A269EB1928986F4C00C03DDB /* UIViewController+Extension.swift in Sources */ = {isa = PBXBuildFile; fileRef = A269EB1828986F4C00C03DDB /* UIViewController+Extension.swift */; };
		A298168428A1C283002F3EC5 /* ForumEditorViewController.swift in Sources */ = {isa = PBXBuildFile; fileRef = A298168328A1C283002F3EC5 /* ForumEditorViewController.swift */; };
		A2A5585C28A53F11000E6F0A /* AuthenticationManager.swift in Sources */ = {isa = PBXBuildFile; fileRef = A2A5585B28A53F11000E6F0A /* AuthenticationManager.swift */; };
		A2A5585F28A541CB000E6F0A /* SwiftyJSON in Frameworks */ = {isa = PBXBuildFile; productRef = A2A5585E28A541CB000E6F0A /* SwiftyJSON */; };
		A2A5586228A541DA000E6F0A /* Kingfisher in Frameworks */ = {isa = PBXBuildFile; productRef = A2A5586128A541DA000E6F0A /* Kingfisher */; };
		A2A5586428A5425C000E6F0A /* UserModel.swift in Sources */ = {isa = PBXBuildFile; fileRef = A2A5586328A5425C000E6F0A /* UserModel.swift */; };
		A2A5586C28A5C8D1000E6F0A /* BannerView.xib in Resources */ = {isa = PBXBuildFile; fileRef = A2A5586B28A5C8D1000E6F0A /* BannerView.xib */; };
		A2A5586E28A5CCCB000E6F0A /* BannerView.swift in Sources */ = {isa = PBXBuildFile; fileRef = A2A5586D28A5CCCB000E6F0A /* BannerView.swift */; };
		A2A5587528A663DA000E6F0A /* AgreementViewController.swift in Sources */ = {isa = PBXBuildFile; fileRef = A2A5587428A663DA000E6F0A /* AgreementViewController.swift */; };
		A2A5587728A815CE000E6F0A /* FirstSignUpViewController.swift in Sources */ = {isa = PBXBuildFile; fileRef = A2A5587628A815CE000E6F0A /* FirstSignUpViewController.swift */; };
		A2A5587928A816D0000E6F0A /* SecondSignupViewController.swift in Sources */ = {isa = PBXBuildFile; fileRef = A2A5587828A816D0000E6F0A /* SecondSignupViewController.swift */; };
		A2A5587C28A924AF000E6F0A /* AuthenticationServices.framework in Frameworks */ = {isa = PBXBuildFile; fileRef = A2A5587B28A924AF000E6F0A /* AuthenticationServices.framework */; };
		A2A5587E28A92825000E6F0A /* OTPManager.swift in Sources */ = {isa = PBXBuildFile; fileRef = A2A5587D28A92825000E6F0A /* OTPManager.swift */; };
		A2A5588028AA4B87000E6F0A /* ProfileSelectionViewController.swift in Sources */ = {isa = PBXBuildFile; fileRef = A2A5587F28AA4B87000E6F0A /* ProfileSelectionViewController.swift */; };
		A2A809DC2898D3410013EA6F /* ForumDetailListViewController.swift in Sources */ = {isa = PBXBuildFile; fileRef = A2A809DB2898D3410013EA6F /* ForumDetailListViewController.swift */; };
		A2A809DE2898D37E0013EA6F /* ForumDetailListCollectionViewCell.swift in Sources */ = {isa = PBXBuildFile; fileRef = A2A809DD2898D37E0013EA6F /* ForumDetailListCollectionViewCell.swift */; };
		A2AE1DB128A392A300202218 /* SectionTitle.xib in Resources */ = {isa = PBXBuildFile; fileRef = A2AE1DB028A392A300202218 /* SectionTitle.xib */; };
		A2AE1DB328A3939B00202218 /* SectionTitle.swift in Sources */ = {isa = PBXBuildFile; fileRef = A2AE1DB228A3939B00202218 /* SectionTitle.swift */; };
		A2AE1DB528A3963700202218 /* ClubCardView.xib in Resources */ = {isa = PBXBuildFile; fileRef = A2AE1DB428A3963700202218 /* ClubCardView.xib */; };
		A2AE1DB728A398C500202218 /* ClubCardView.swift in Sources */ = {isa = PBXBuildFile; fileRef = A2AE1DB628A398C500202218 /* ClubCardView.swift */; };
		A2AE1DB928A3A71B00202218 /* BookTechlCardView.xib in Resources */ = {isa = PBXBuildFile; fileRef = A2AE1DB828A3A71B00202218 /* BookTechlCardView.xib */; };
		A2AE1DBB28A3B12300202218 /* BookTechlCardView.swift in Sources */ = {isa = PBXBuildFile; fileRef = A2AE1DBA28A3B12300202218 /* BookTechlCardView.swift */; };
		A2AE1DBD28A402B400202218 /* OnboardingViewController.swift in Sources */ = {isa = PBXBuildFile; fileRef = A2AE1DBC28A402B400202218 /* OnboardingViewController.swift */; };
		A2AE1DBF28A4570200202218 /* OnboardingMessage.swift in Sources */ = {isa = PBXBuildFile; fileRef = A2AE1DBE28A4570100202218 /* OnboardingMessage.swift */; };
		A2AE1DC128A4580C00202218 /* OnboardingCollectionViewCell.swift in Sources */ = {isa = PBXBuildFile; fileRef = A2AE1DC028A4580C00202218 /* OnboardingCollectionViewCell.swift */; };
		A2AFB27328766D240091C123 /* AppDelegate.swift in Sources */ = {isa = PBXBuildFile; fileRef = A2AFB27228766D240091C123 /* AppDelegate.swift */; };
		A2AFB27528766D240091C123 /* SceneDelegate.swift in Sources */ = {isa = PBXBuildFile; fileRef = A2AFB27428766D240091C123 /* SceneDelegate.swift */; };
		A2AFB27C28766D250091C123 /* Assets.xcassets in Resources */ = {isa = PBXBuildFile; fileRef = A2AFB27B28766D250091C123 /* Assets.xcassets */; };
		A2AFB27F28766D250091C123 /* LaunchScreen.storyboard in Resources */ = {isa = PBXBuildFile; fileRef = A2AFB27D28766D250091C123 /* LaunchScreen.storyboard */; };
		A2AFB28728766DB10091C123 /* Authentication.storyboard in Resources */ = {isa = PBXBuildFile; fileRef = A2AFB28628766DB10091C123 /* Authentication.storyboard */; };
		A2AFB28928766E620091C123 /* Onboarding.storyboard in Resources */ = {isa = PBXBuildFile; fileRef = A2AFB28828766E620091C123 /* Onboarding.storyboard */; };
		A2B1389B289ECFFE004241D0 /* PreferredITFieldViewController.swift in Sources */ = {isa = PBXBuildFile; fileRef = A2B1389A289ECFFE004241D0 /* PreferredITFieldViewController.swift */; };
		A2B1389E289ED085004241D0 /* TagCollectionViewCell.swift in Sources */ = {isa = PBXBuildFile; fileRef = A2B1389C289ED085004241D0 /* TagCollectionViewCell.swift */; };
		A2B1389F289ED085004241D0 /* TagCollectionViewCell.xib in Resources */ = {isa = PBXBuildFile; fileRef = A2B1389D289ED085004241D0 /* TagCollectionViewCell.xib */; };
		A2C279FE28A21AB80016E150 /* APIManager.swift in Sources */ = {isa = PBXBuildFile; fileRef = A2C279FD28A21AB80016E150 /* APIManager.swift */; };
		A2C27A0028A21B0D0016E150 /* Endpoint.swift in Sources */ = {isa = PBXBuildFile; fileRef = A2C279FF28A21B0D0016E150 /* Endpoint.swift */; };
		A2C27A0328A21C3A0016E150 /* ForumModel.swift in Sources */ = {isa = PBXBuildFile; fileRef = A2C27A0228A21C3A0016E150 /* ForumModel.swift */; };
		A2C27A0628A226D10016E150 /* BookModel.swift in Sources */ = {isa = PBXBuildFile; fileRef = A2C27A0528A226D10016E150 /* BookModel.swift */; };
		A2D5501628903497000436FC /* NXMLSearchViewController.swift in Sources */ = {isa = PBXBuildFile; fileRef = A2D5501528903497000436FC /* NXMLSearchViewController.swift */; };
		A2D5501828903F91000436FC /* NXMLBookSearchResult.swift in Sources */ = {isa = PBXBuildFile; fileRef = A2D5501728903F91000436FC /* NXMLBookSearchResult.swift */; };
		A2D5501A28903FF1000436FC /* NXMLSearchCollectionViewCell.swift in Sources */ = {isa = PBXBuildFile; fileRef = A2D5501928903FF1000436FC /* NXMLSearchCollectionViewCell.swift */; };
		A2D84333287F8EA1007BFF73 /* (null) in Embed Frameworks */ = {isa = PBXBuildFile; settings = {ATTRIBUTES = (CodeSignOnCopy, RemoveHeadersOnCopy, ); }; };
		A2E6E18C2898D90300844770 /* Toast in Frameworks */ = {isa = PBXBuildFile; productRef = A2E6E18B2898D90300844770 /* Toast */; };
		A2E6E18F2898E80900844770 /* BookClubCollectionViewCell.swift in Sources */ = {isa = PBXBuildFile; fileRef = A2E6E18D2898E80900844770 /* BookClubCollectionViewCell.swift */; };
		A2E6E1902898E80900844770 /* BookClubCollectionViewCell.xib in Resources */ = {isa = PBXBuildFile; fileRef = A2E6E18E2898E80900844770 /* BookClubCollectionViewCell.xib */; };
		A2E6E1922898EBEB00844770 /* BookClubListViewController.swift in Sources */ = {isa = PBXBuildFile; fileRef = A2E6E1912898EBEB00844770 /* BookClubListViewController.swift */; };
		A2E6E1942898EFBE00844770 /* Book.storyboard in Resources */ = {isa = PBXBuildFile; fileRef = A2E6E1932898EFBE00844770 /* Book.storyboard */; };
		A2E6E1982898F06F00844770 /* BookInfoViewController.swift in Sources */ = {isa = PBXBuildFile; fileRef = A2E6E1972898F06F00844770 /* BookInfoViewController.swift */; };
		A2E6E1C62899F91B00844770 /* .gitignore in Resources */ = {isa = PBXBuildFile; fileRef = A2E6E1C52899F91B00844770 /* .gitignore */; };
		A2E6E1C82899F93D00844770 /* Keys.swift in Sources */ = {isa = PBXBuildFile; fileRef = A2E6E1C72899F93D00844770 /* Keys.swift */; };
		A2EF814828AB90F00019BA72 /* NewHomeViewController.swift in Sources */ = {isa = PBXBuildFile; fileRef = A2EF814728AB90F00019BA72 /* NewHomeViewController.swift */; };
		A2EF814A28AB98C60019BA72 /* BannerTableViewCell.swift in Sources */ = {isa = PBXBuildFile; fileRef = A2EF814928AB98C60019BA72 /* BannerTableViewCell.swift */; };
		A2EF814C28AB99F00019BA72 /* ClubTableViewCell.swift in Sources */ = {isa = PBXBuildFile; fileRef = A2EF814B28AB99F00019BA72 /* ClubTableViewCell.swift */; };
		A2EF814E28AB9B0C0019BA72 /* ForumTableViewCell.swift in Sources */ = {isa = PBXBuildFile; fileRef = A2EF814D28AB9B0C0019BA72 /* ForumTableViewCell.swift */; };
		A2EF815028ABA8320019BA72 /* BookCardCollectionViewCell.swift in Sources */ = {isa = PBXBuildFile; fileRef = A2EF814F28ABA8320019BA72 /* BookCardCollectionViewCell.swift */; };
		A2EF815428ABABE90019BA72 /* ClubCollectionViewCell.swift in Sources */ = {isa = PBXBuildFile; fileRef = A2EF815128ABA9B90019BA72 /* ClubCollectionViewCell.swift */; };
		A2EF815528ABAC2A0019BA72 /* BannerCollectionViewCell.swift in Sources */ = {isa = PBXBuildFile; fileRef = A2EF814528AB8FF00019BA72 /* BannerCollectionViewCell.swift */; };
		A2F5023F28986B8600352BFB /* UIColor+Extension.swift in Sources */ = {isa = PBXBuildFile; fileRef = A2F5023E28986B8600352BFB /* UIColor+Extension.swift */; };
		A2FBF32C28A46C300076DC42 /* ConciergeLoginViewController.swift in Sources */ = {isa = PBXBuildFile; fileRef = A2FBF32B28A46C300076DC42 /* ConciergeLoginViewController.swift */; };
		A2FBF33228A4E6090076DC42 /* LoginViewController.swift in Sources */ = {isa = PBXBuildFile; fileRef = A2FBF33128A4E6090076DC42 /* LoginViewController.swift */; };
		A2FBF33428A4F6DE0076DC42 /* String+Extension.swift in Sources */ = {isa = PBXBuildFile; fileRef = A2FBF33328A4F6DE0076DC42 /* String+Extension.swift */; };
/* End PBXBuildFile section */

/* Begin PBXCopyFilesBuildPhase section */
		A2D84334287F8EA1007BFF73 /* Embed Frameworks */ = {
			isa = PBXCopyFilesBuildPhase;
			buildActionMask = 2147483647;
			dstPath = "";
			dstSubfolderSpec = 10;
			files = (
				A2D84333287F8EA1007BFF73 /* (null) in Embed Frameworks */,
			);
			name = "Embed Frameworks";
			runOnlyForDeploymentPostprocessing = 0;
		};
/* End PBXCopyFilesBuildPhase section */

/* Begin PBXFileReference section */
		A20C85CA28A1C6010012AAC8 /* MainTabBarViewController.swift */ = {isa = PBXFileReference; lastKnownFileType = sourcecode.swift; path = MainTabBarViewController.swift; sourceTree = "<group>"; };
		A20C85CC28A1D93B0012AAC8 /* ForumPostViewController.swift */ = {isa = PBXFileReference; lastKnownFileType = sourcecode.swift; path = ForumPostViewController.swift; sourceTree = "<group>"; };
		A20C85CE28A1DA0B0012AAC8 /* PostArticleTableViewCell.swift */ = {isa = PBXFileReference; lastKnownFileType = sourcecode.swift; path = PostArticleTableViewCell.swift; sourceTree = "<group>"; };
		A20C85CF28A1DA0B0012AAC8 /* PostArticleTableViewCell.xib */ = {isa = PBXFileReference; lastKnownFileType = file.xib; path = PostArticleTableViewCell.xib; sourceTree = "<group>"; };
		A20C85D928A1EF610012AAC8 /* PostReplyTableViewCell.swift */ = {isa = PBXFileReference; lastKnownFileType = sourcecode.swift; path = PostReplyTableViewCell.swift; sourceTree = "<group>"; };
		A20C85DA28A1EF610012AAC8 /* PostReplyTableViewCell.xib */ = {isa = PBXFileReference; lastKnownFileType = file.xib; path = PostReplyTableViewCell.xib; sourceTree = "<group>"; };
		A21BB1E5289275D600B3F325 /* NXMLSearchCollectionReusableView.swift */ = {isa = PBXFileReference; lastKnownFileType = sourcecode.swift; path = NXMLSearchCollectionReusableView.swift; sourceTree = "<group>"; };
		A2429B89288E657A003E3573 /* HomeViewController.swift */ = {isa = PBXFileReference; lastKnownFileType = sourcecode.swift; path = HomeViewController.swift; sourceTree = "<group>"; };
		A2429B8B288E65A6003E3573 /* HomeBannerCollectionViewCell.swift */ = {isa = PBXFileReference; lastKnownFileType = sourcecode.swift; path = HomeBannerCollectionViewCell.swift; sourceTree = "<group>"; };
		A2429B8D288E65F9003E3573 /* BookListCollectionViewCell.swift */ = {isa = PBXFileReference; lastKnownFileType = sourcecode.swift; path = BookListCollectionViewCell.swift; sourceTree = "<group>"; };
		A2429B8F288E697B003E3573 /* BookListHeaderCollectionReusableView.swift */ = {isa = PBXFileReference; lastKnownFileType = sourcecode.swift; path = BookListHeaderCollectionReusableView.swift; sourceTree = "<group>"; };
		A243F109287FB19400E46AE4 /* Search.storyboard */ = {isa = PBXFileReference; lastKnownFileType = file.storyboard; path = Search.storyboard; sourceTree = "<group>"; };
		A2442EF6289547E70001ED62 /* Banner.swift */ = {isa = PBXFileReference; lastKnownFileType = sourcecode.swift; path = Banner.swift; sourceTree = "<group>"; };
		A246BFB32896719400BE564C /* Main.storyboard */ = {isa = PBXFileReference; lastKnownFileType = file.storyboard; path = Main.storyboard; sourceTree = "<group>"; };
		A246BFBA2896827000BE564C /* ClubListCollectionViewCell.swift */ = {isa = PBXFileReference; lastKnownFileType = sourcecode.swift; path = ClubListCollectionViewCell.swift; sourceTree = "<group>"; };
		A246BFBC2896A7EE00BE564C /* BookDetailViewController.swift */ = {isa = PBXFileReference; lastKnownFileType = sourcecode.swift; path = BookDetailViewController.swift; sourceTree = "<group>"; };
		A246BFBF2896A99C00BE564C /* Club.storyboard */ = {isa = PBXFileReference; lastKnownFileType = file.storyboard; path = Club.storyboard; sourceTree = "<group>"; };
		A246BFC12896A9DE00BE564C /* Forum.storyboard */ = {isa = PBXFileReference; lastKnownFileType = file.storyboard; path = Forum.storyboard; sourceTree = "<group>"; };
		A246BFC42896AA1000BE564C /* MyPage.storyboard */ = {isa = PBXFileReference; lastKnownFileType = file.storyboard; path = MyPage.storyboard; sourceTree = "<group>"; };
		A246BFC62896AB8500BE564C /* BannerDetailViewController.swift */ = {isa = PBXFileReference; lastKnownFileType = sourcecode.swift; path = BannerDetailViewController.swift; sourceTree = "<group>"; };
		A246BFD12896C43100BE564C /* Documents.swift */ = {isa = PBXFileReference; lastKnownFileType = sourcecode.swift; path = Documents.swift; sourceTree = "<group>"; };
		A25FA56228A1B5DE00AB46DF /* ConciergeViewController.swift */ = {isa = PBXFileReference; lastKnownFileType = sourcecode.swift; path = ConciergeViewController.swift; sourceTree = "<group>"; };
		A25FA56528A1B6B800AB46DF /* LandscapeManager.swift */ = {isa = PBXFileReference; lastKnownFileType = sourcecode.swift; path = LandscapeManager.swift; sourceTree = "<group>"; };
		A269EB1828986F4C00C03DDB /* UIViewController+Extension.swift */ = {isa = PBXFileReference; lastKnownFileType = sourcecode.swift; path = "UIViewController+Extension.swift"; sourceTree = "<group>"; };
		A298168328A1C283002F3EC5 /* ForumEditorViewController.swift */ = {isa = PBXFileReference; lastKnownFileType = sourcecode.swift; path = ForumEditorViewController.swift; sourceTree = "<group>"; };
		A2A5585B28A53F11000E6F0A /* AuthenticationManager.swift */ = {isa = PBXFileReference; lastKnownFileType = sourcecode.swift; path = AuthenticationManager.swift; sourceTree = "<group>"; };
		A2A5586328A5425C000E6F0A /* UserModel.swift */ = {isa = PBXFileReference; lastKnownFileType = sourcecode.swift; path = UserModel.swift; sourceTree = "<group>"; };
		A2A5586B28A5C8D1000E6F0A /* BannerView.xib */ = {isa = PBXFileReference; lastKnownFileType = file.xib; path = BannerView.xib; sourceTree = "<group>"; };
		A2A5586D28A5CCCB000E6F0A /* BannerView.swift */ = {isa = PBXFileReference; lastKnownFileType = sourcecode.swift; path = BannerView.swift; sourceTree = "<group>"; };
		A2A5587428A663DA000E6F0A /* AgreementViewController.swift */ = {isa = PBXFileReference; lastKnownFileType = sourcecode.swift; path = AgreementViewController.swift; sourceTree = "<group>"; };
		A2A5587628A815CE000E6F0A /* FirstSignUpViewController.swift */ = {isa = PBXFileReference; lastKnownFileType = sourcecode.swift; path = FirstSignUpViewController.swift; sourceTree = "<group>"; };
		A2A5587828A816D0000E6F0A /* SecondSignupViewController.swift */ = {isa = PBXFileReference; lastKnownFileType = sourcecode.swift; path = SecondSignupViewController.swift; sourceTree = "<group>"; };
		A2A5587A28A924AE000E6F0A /* Techl.entitlements */ = {isa = PBXFileReference; lastKnownFileType = text.plist.entitlements; path = Techl.entitlements; sourceTree = "<group>"; };
		A2A5587B28A924AF000E6F0A /* AuthenticationServices.framework */ = {isa = PBXFileReference; lastKnownFileType = wrapper.framework; name = AuthenticationServices.framework; path = System/Library/Frameworks/AuthenticationServices.framework; sourceTree = SDKROOT; };
		A2A5587D28A92825000E6F0A /* OTPManager.swift */ = {isa = PBXFileReference; lastKnownFileType = sourcecode.swift; path = OTPManager.swift; sourceTree = "<group>"; };
		A2A5587F28AA4B87000E6F0A /* ProfileSelectionViewController.swift */ = {isa = PBXFileReference; lastKnownFileType = sourcecode.swift; path = ProfileSelectionViewController.swift; sourceTree = "<group>"; };
		A2A809DB2898D3410013EA6F /* ForumDetailListViewController.swift */ = {isa = PBXFileReference; lastKnownFileType = sourcecode.swift; path = ForumDetailListViewController.swift; sourceTree = "<group>"; };
		A2A809DD2898D37E0013EA6F /* ForumDetailListCollectionViewCell.swift */ = {isa = PBXFileReference; lastKnownFileType = sourcecode.swift; path = ForumDetailListCollectionViewCell.swift; sourceTree = "<group>"; };
		A2AE1DB028A392A300202218 /* SectionTitle.xib */ = {isa = PBXFileReference; lastKnownFileType = file.xib; path = SectionTitle.xib; sourceTree = "<group>"; };
		A2AE1DB228A3939B00202218 /* SectionTitle.swift */ = {isa = PBXFileReference; lastKnownFileType = sourcecode.swift; path = SectionTitle.swift; sourceTree = "<group>"; };
		A2AE1DB428A3963700202218 /* ClubCardView.xib */ = {isa = PBXFileReference; lastKnownFileType = file.xib; path = ClubCardView.xib; sourceTree = "<group>"; };
		A2AE1DB628A398C500202218 /* ClubCardView.swift */ = {isa = PBXFileReference; lastKnownFileType = sourcecode.swift; path = ClubCardView.swift; sourceTree = "<group>"; };
		A2AE1DB828A3A71B00202218 /* BookTechlCardView.xib */ = {isa = PBXFileReference; lastKnownFileType = file.xib; path = BookTechlCardView.xib; sourceTree = "<group>"; };
		A2AE1DBA28A3B12300202218 /* BookTechlCardView.swift */ = {isa = PBXFileReference; lastKnownFileType = sourcecode.swift; path = BookTechlCardView.swift; sourceTree = "<group>"; };
		A2AE1DBC28A402B400202218 /* OnboardingViewController.swift */ = {isa = PBXFileReference; lastKnownFileType = sourcecode.swift; path = OnboardingViewController.swift; sourceTree = "<group>"; };
		A2AE1DBE28A4570100202218 /* OnboardingMessage.swift */ = {isa = PBXFileReference; lastKnownFileType = sourcecode.swift; path = OnboardingMessage.swift; sourceTree = "<group>"; };
		A2AE1DC028A4580C00202218 /* OnboardingCollectionViewCell.swift */ = {isa = PBXFileReference; lastKnownFileType = sourcecode.swift; path = OnboardingCollectionViewCell.swift; sourceTree = "<group>"; };
		A2AFB26F28766D240091C123 /* Techl.app */ = {isa = PBXFileReference; explicitFileType = wrapper.application; includeInIndex = 0; path = Techl.app; sourceTree = BUILT_PRODUCTS_DIR; };
		A2AFB27228766D240091C123 /* AppDelegate.swift */ = {isa = PBXFileReference; lastKnownFileType = sourcecode.swift; path = AppDelegate.swift; sourceTree = "<group>"; };
		A2AFB27428766D240091C123 /* SceneDelegate.swift */ = {isa = PBXFileReference; lastKnownFileType = sourcecode.swift; path = SceneDelegate.swift; sourceTree = "<group>"; };
		A2AFB27928766D240091C123 /* Base */ = {isa = PBXFileReference; lastKnownFileType = file.storyboard; name = Base; path = Base.lproj/Home.storyboard; sourceTree = "<group>"; };
		A2AFB27B28766D250091C123 /* Assets.xcassets */ = {isa = PBXFileReference; lastKnownFileType = folder.assetcatalog; path = Assets.xcassets; sourceTree = "<group>"; };
		A2AFB27E28766D250091C123 /* Base */ = {isa = PBXFileReference; lastKnownFileType = file.storyboard; name = Base; path = Base.lproj/LaunchScreen.storyboard; sourceTree = "<group>"; };
		A2AFB28028766D250091C123 /* Info.plist */ = {isa = PBXFileReference; lastKnownFileType = text.plist.xml; path = Info.plist; sourceTree = "<group>"; };
		A2AFB28628766DB10091C123 /* Authentication.storyboard */ = {isa = PBXFileReference; lastKnownFileType = file.storyboard; path = Authentication.storyboard; sourceTree = "<group>"; };
		A2AFB28828766E620091C123 /* Onboarding.storyboard */ = {isa = PBXFileReference; lastKnownFileType = file.storyboard; path = Onboarding.storyboard; sourceTree = "<group>"; };
		A2B1389A289ECFFE004241D0 /* PreferredITFieldViewController.swift */ = {isa = PBXFileReference; lastKnownFileType = sourcecode.swift; path = PreferredITFieldViewController.swift; sourceTree = "<group>"; };
		A2B1389C289ED085004241D0 /* TagCollectionViewCell.swift */ = {isa = PBXFileReference; lastKnownFileType = sourcecode.swift; path = TagCollectionViewCell.swift; sourceTree = "<group>"; };
		A2B1389D289ED085004241D0 /* TagCollectionViewCell.xib */ = {isa = PBXFileReference; lastKnownFileType = file.xib; path = TagCollectionViewCell.xib; sourceTree = "<group>"; };
		A2C279FD28A21AB80016E150 /* APIManager.swift */ = {isa = PBXFileReference; lastKnownFileType = sourcecode.swift; path = APIManager.swift; sourceTree = "<group>"; };
		A2C279FF28A21B0D0016E150 /* Endpoint.swift */ = {isa = PBXFileReference; lastKnownFileType = sourcecode.swift; path = Endpoint.swift; sourceTree = "<group>"; };
		A2C27A0228A21C3A0016E150 /* ForumModel.swift */ = {isa = PBXFileReference; lastKnownFileType = sourcecode.swift; path = ForumModel.swift; sourceTree = "<group>"; };
		A2C27A0528A226D10016E150 /* BookModel.swift */ = {isa = PBXFileReference; lastKnownFileType = sourcecode.swift; path = BookModel.swift; sourceTree = "<group>"; };
		A2D5501528903497000436FC /* NXMLSearchViewController.swift */ = {isa = PBXFileReference; lastKnownFileType = sourcecode.swift; path = NXMLSearchViewController.swift; sourceTree = "<group>"; };
		A2D5501728903F91000436FC /* NXMLBookSearchResult.swift */ = {isa = PBXFileReference; lastKnownFileType = sourcecode.swift; path = NXMLBookSearchResult.swift; sourceTree = "<group>"; };
		A2D5501928903FF1000436FC /* NXMLSearchCollectionViewCell.swift */ = {isa = PBXFileReference; lastKnownFileType = sourcecode.swift; path = NXMLSearchCollectionViewCell.swift; sourceTree = "<group>"; };
		A2E6E18D2898E80900844770 /* BookClubCollectionViewCell.swift */ = {isa = PBXFileReference; lastKnownFileType = sourcecode.swift; path = BookClubCollectionViewCell.swift; sourceTree = "<group>"; };
		A2E6E18E2898E80900844770 /* BookClubCollectionViewCell.xib */ = {isa = PBXFileReference; lastKnownFileType = file.xib; path = BookClubCollectionViewCell.xib; sourceTree = "<group>"; };
		A2E6E1912898EBEB00844770 /* BookClubListViewController.swift */ = {isa = PBXFileReference; lastKnownFileType = sourcecode.swift; path = BookClubListViewController.swift; sourceTree = "<group>"; };
		A2E6E1932898EFBE00844770 /* Book.storyboard */ = {isa = PBXFileReference; lastKnownFileType = file.storyboard; path = Book.storyboard; sourceTree = "<group>"; };
		A2E6E1972898F06F00844770 /* BookInfoViewController.swift */ = {isa = PBXFileReference; lastKnownFileType = sourcecode.swift; path = BookInfoViewController.swift; sourceTree = "<group>"; };
		A2E6E1C52899F91B00844770 /* .gitignore */ = {isa = PBXFileReference; lastKnownFileType = text; path = .gitignore; sourceTree = "<group>"; };
		A2E6E1C72899F93D00844770 /* Keys.swift */ = {isa = PBXFileReference; lastKnownFileType = sourcecode.swift; path = Keys.swift; sourceTree = "<group>"; };
		A2EF814528AB8FF00019BA72 /* BannerCollectionViewCell.swift */ = {isa = PBXFileReference; lastKnownFileType = sourcecode.swift; path = BannerCollectionViewCell.swift; sourceTree = "<group>"; };
		A2EF814728AB90F00019BA72 /* NewHomeViewController.swift */ = {isa = PBXFileReference; lastKnownFileType = sourcecode.swift; path = NewHomeViewController.swift; sourceTree = "<group>"; };
		A2EF814928AB98C60019BA72 /* BannerTableViewCell.swift */ = {isa = PBXFileReference; lastKnownFileType = sourcecode.swift; path = BannerTableViewCell.swift; sourceTree = "<group>"; };
		A2EF814B28AB99F00019BA72 /* ClubTableViewCell.swift */ = {isa = PBXFileReference; lastKnownFileType = sourcecode.swift; name = ClubTableViewCell.swift; path = Techl/Sources/View/ClubTableViewCell.swift; sourceTree = SOURCE_ROOT; };
		A2EF814D28AB9B0C0019BA72 /* ForumTableViewCell.swift */ = {isa = PBXFileReference; lastKnownFileType = sourcecode.swift; path = ForumTableViewCell.swift; sourceTree = "<group>"; };
		A2EF814F28ABA8320019BA72 /* BookCardCollectionViewCell.swift */ = {isa = PBXFileReference; lastKnownFileType = sourcecode.swift; path = BookCardCollectionViewCell.swift; sourceTree = "<group>"; };
		A2EF815128ABA9B90019BA72 /* ClubCollectionViewCell.swift */ = {isa = PBXFileReference; lastKnownFileType = sourcecode.swift; path = ClubCollectionViewCell.swift; sourceTree = "<group>"; };
		A2F5023E28986B8600352BFB /* UIColor+Extension.swift */ = {isa = PBXFileReference; lastKnownFileType = sourcecode.swift; path = "UIColor+Extension.swift"; sourceTree = "<group>"; };
		A2FBF32B28A46C300076DC42 /* ConciergeLoginViewController.swift */ = {isa = PBXFileReference; lastKnownFileType = sourcecode.swift; path = ConciergeLoginViewController.swift; sourceTree = "<group>"; };
		A2FBF33128A4E6090076DC42 /* LoginViewController.swift */ = {isa = PBXFileReference; lastKnownFileType = sourcecode.swift; path = LoginViewController.swift; sourceTree = "<group>"; };
		A2FBF33328A4F6DE0076DC42 /* String+Extension.swift */ = {isa = PBXFileReference; lastKnownFileType = sourcecode.swift; path = "String+Extension.swift"; sourceTree = "<group>"; };
		CC52AF2B4CA789A8688A12D4 /* Pods_Techl.framework */ = {isa = PBXFileReference; explicitFileType = wrapper.framework; includeInIndex = 0; path = Pods_Techl.framework; sourceTree = BUILT_PRODUCTS_DIR; };
		E8189617B6DC14A1A0F96365 /* Pods-Techl.debug.xcconfig */ = {isa = PBXFileReference; includeInIndex = 1; lastKnownFileType = text.xcconfig; name = "Pods-Techl.debug.xcconfig"; path = "Target Support Files/Pods-Techl/Pods-Techl.debug.xcconfig"; sourceTree = "<group>"; };
		FB279C66960B5F4E0934E49F /* Pods-Techl.release.xcconfig */ = {isa = PBXFileReference; includeInIndex = 1; lastKnownFileType = text.xcconfig; name = "Pods-Techl.release.xcconfig"; path = "Target Support Files/Pods-Techl/Pods-Techl.release.xcconfig"; sourceTree = "<group>"; };
/* End PBXFileReference section */

/* Begin PBXFrameworksBuildPhase section */
		A2AFB26C28766D240091C123 /* Frameworks */ = {
			isa = PBXFrameworksBuildPhase;
			buildActionMask = 2147483647;
			files = (
				A2A5586228A541DA000E6F0A /* Kingfisher in Frameworks */,
				A2A5587C28A924AF000E6F0A /* AuthenticationServices.framework in Frameworks */,
				A2E6E18C2898D90300844770 /* Toast in Frameworks */,
				A246BFB92896737000BE564C /* Alamofire in Frameworks */,
				6BC792FE6EDDE9663D08A231 /* Pods_Techl.framework in Frameworks */,
				A2A5585F28A541CB000E6F0A /* SwiftyJSON in Frameworks */,
				A2595382288300300065791E /* TextFieldEffects in Frameworks */,
			);
			runOnlyForDeploymentPostprocessing = 0;
		};
/* End PBXFrameworksBuildPhase section */

/* Begin PBXGroup section */
		426CEC05A7E9551519090A9A /* Pods */ = {
			isa = PBXGroup;
			children = (
				E8189617B6DC14A1A0F96365 /* Pods-Techl.debug.xcconfig */,
				FB279C66960B5F4E0934E49F /* Pods-Techl.release.xcconfig */,
			);
			path = Pods;
			sourceTree = "<group>";
		};
		A2442EF8289549410001ED62 /* Data */ = {
			isa = PBXGroup;
			children = (
				A2442EF6289547E70001ED62 /* Banner.swift */,
				A246BFD12896C43100BE564C /* Documents.swift */,
			);
			path = Data;
			sourceTree = "<group>";
		};
		A2442EF928954B410001ED62 /* Authentication */ = {
			isa = PBXGroup;
			children = (
				A2AFB28628766DB10091C123 /* Authentication.storyboard */,
				A2A5587F28AA4B87000E6F0A /* ProfileSelectionViewController.swift */,
				A2A5587828A816D0000E6F0A /* SecondSignupViewController.swift */,
				A2A5587628A815CE000E6F0A /* FirstSignUpViewController.swift */,
				A2A5587428A663DA000E6F0A /* AgreementViewController.swift */,
				A2FBF32B28A46C300076DC42 /* ConciergeLoginViewController.swift */,
				A2B1389A289ECFFE004241D0 /* PreferredITFieldViewController.swift */,
				A2FBF33028A4E5F50076DC42 /* Login */,
				A2FBF32F28A4E0AE0076DC42 /* Tags */,
				A2B1389D289ED085004241D0 /* TagCollectionViewCell.xib */,
			);
			path = Authentication;
			sourceTree = "<group>";
		};
		A2442EFA28954B490001ED62 /* Onboarding */ = {
			isa = PBXGroup;
			children = (
				A2AFB27D28766D250091C123 /* LaunchScreen.storyboard */,
				A2AFB28828766E620091C123 /* Onboarding.storyboard */,
				A2AE1DBE28A4570100202218 /* OnboardingMessage.swift */,
				A2AE1DBC28A402B400202218 /* OnboardingViewController.swift */,
				A2AE1DC028A4580C00202218 /* OnboardingCollectionViewCell.swift */,
			);
			path = Onboarding;
			sourceTree = "<group>";
		};
		A246BFBE2896A98500BE564C /* Club */ = {
			isa = PBXGroup;
			children = (
				A246BFBF2896A99C00BE564C /* Club.storyboard */,
				A2E6E1912898EBEB00844770 /* BookClubListViewController.swift */,
			);
			path = Club;
			sourceTree = "<group>";
		};
		A246BFC32896A9FB00BE564C /* MyPage */ = {
			isa = PBXGroup;
			children = (
				A246BFC42896AA1000BE564C /* MyPage.storyboard */,
			);
			path = MyPage;
			sourceTree = "<group>";
		};
		A25FA56428A1B6A800AB46DF /* UserDefaults */ = {
			isa = PBXGroup;
			children = (
				A25FA56528A1B6B800AB46DF /* LandscapeManager.swift */,
			);
			path = UserDefaults;
			sourceTree = "<group>";
		};
		A269EB1728986CD200C03DDB /* Supports */ = {
			isa = PBXGroup;
			children = (
				A2AFB28028766D250091C123 /* Info.plist */,
			);
			path = Supports;
			sourceTree = "<group>";
		};
		A2A809DF2898D3C30013EA6F /* Forum Detail List */ = {
			isa = PBXGroup;
			children = (
				A2A809DB2898D3410013EA6F /* ForumDetailListViewController.swift */,
				A2A809DD2898D37E0013EA6F /* ForumDetailListCollectionViewCell.swift */,
			);
			path = "Forum Detail List";
			sourceTree = "<group>";
		};
		A2AE1DAF28A3924600202218 /* View */ = {
			isa = PBXGroup;
			children = (
				A2AE1DB028A392A300202218 /* SectionTitle.xib */,
				A2AE1DB228A3939B00202218 /* SectionTitle.swift */,
				A2AE1DB428A3963700202218 /* ClubCardView.xib */,
				A2AE1DB628A398C500202218 /* ClubCardView.swift */,
				A2AE1DB828A3A71B00202218 /* BookTechlCardView.xib */,
				A2AE1DBA28A3B12300202218 /* BookTechlCardView.swift */,
				A2E6E18E2898E80900844770 /* BookClubCollectionViewCell.xib */,
				A2E6E18D2898E80900844770 /* BookClubCollectionViewCell.swift */,
				A2A5586B28A5C8D1000E6F0A /* BannerView.xib */,
				A2A5586D28A5CCCB000E6F0A /* BannerView.swift */,
				A2EF814528AB8FF00019BA72 /* BannerCollectionViewCell.swift */,
				A2EF815128ABA9B90019BA72 /* ClubCollectionViewCell.swift */,
				A2EF814F28ABA8320019BA72 /* BookCardCollectionViewCell.swift */,
				A2EF814928AB98C60019BA72 /* BannerTableViewCell.swift */,
				A2EF814B28AB99F00019BA72 /* ClubTableViewCell.swift */,
				A2EF814D28AB9B0C0019BA72 /* ForumTableViewCell.swift */,
			);
			path = View;
			sourceTree = "<group>";
		};
		A2AFB26628766D240091C123 = {
			isa = PBXGroup;
			children = (
				A2E6E1C52899F91B00844770 /* .gitignore */,
				A2AFB27128766D240091C123 /* Techl */,
				A2AFB27028766D240091C123 /* Products */,
				426CEC05A7E9551519090A9A /* Pods */,
				E8E0E6FF0D54EE7391D7B982 /* Frameworks */,
			);
			sourceTree = "<group>";
		};
		A2AFB27028766D240091C123 /* Products */ = {
			isa = PBXGroup;
			children = (
				A2AFB26F28766D240091C123 /* Techl.app */,
			);
			name = Products;
			sourceTree = "<group>";
		};
		A2AFB27128766D240091C123 /* Techl */ = {
			isa = PBXGroup;
			children = (
				A2A5587A28A924AE000E6F0A /* Techl.entitlements */,
				A2D5501028903064000436FC /* App */,
				A25FA56428A1B6A800AB46DF /* UserDefaults */,
				A2F5024128986C0900352BFB /* Network */,
				A2F5024428986C8000352BFB /* Sources */,
				A2F5023D28986B6500352BFB /* Utils */,
				A2F5024028986BF300352BFB /* Resources */,
				A269EB1728986CD200C03DDB /* Supports */,
			);
			path = Techl;
			sourceTree = "<group>";
		};
		A2C27A0128A21BCC0016E150 /* Model */ = {
			isa = PBXGroup;
			children = (
				A2C27A0228A21C3A0016E150 /* ForumModel.swift */,
				A2C27A0528A226D10016E150 /* BookModel.swift */,
				A2A5586328A5425C000E6F0A /* UserModel.swift */,
			);
			path = Model;
			sourceTree = "<group>";
		};
		A2C27A0428A21D6E0016E150 /* Manager */ = {
			isa = PBXGroup;
			children = (
				A2C279FD28A21AB80016E150 /* APIManager.swift */,
				A2A5585B28A53F11000E6F0A /* AuthenticationManager.swift */,
				A2A5587D28A92825000E6F0A /* OTPManager.swift */,
			);
			path = Manager;
			sourceTree = "<group>";
		};
		A2D5501028903064000436FC /* App */ = {
			isa = PBXGroup;
			children = (
				A2AFB27228766D240091C123 /* AppDelegate.swift */,
				A2AFB27428766D240091C123 /* SceneDelegate.swift */,
			);
			path = App;
			sourceTree = "<group>";
		};
		A2D55011289030AC000436FC /* Search */ = {
			isa = PBXGroup;
			children = (
				A243F109287FB19400E46AE4 /* Search.storyboard */,
				A246BFBC2896A7EE00BE564C /* BookDetailViewController.swift */,
				A2D55014289030D0000436FC /* NaverXMLSearch */,
			);
			path = Search;
			sourceTree = "<group>";
		};
		A2D55014289030D0000436FC /* NaverXMLSearch */ = {
			isa = PBXGroup;
			children = (
				A2D5501528903497000436FC /* NXMLSearchViewController.swift */,
				A2D5501728903F91000436FC /* NXMLBookSearchResult.swift */,
				A21BB1E5289275D600B3F325 /* NXMLSearchCollectionReusableView.swift */,
				A2D5501928903FF1000436FC /* NXMLSearchCollectionViewCell.swift */,
			);
			path = NaverXMLSearch;
			sourceTree = "<group>";
		};
		A2D5501B28904108000436FC /* Home */ = {
			isa = PBXGroup;
			children = (
				A2AFB27828766D240091C123 /* Home.storyboard */,
				A2EF814728AB90F00019BA72 /* NewHomeViewController.swift */,
				A246BFC62896AB8500BE564C /* BannerDetailViewController.swift */,
				A246BFBA2896827000BE564C /* ClubListCollectionViewCell.swift */,
				A2429B8D288E65F9003E3573 /* BookListCollectionViewCell.swift */,
				A2429B8F288E697B003E3573 /* BookListHeaderCollectionReusableView.swift */,
				A2429B8B288E65A6003E3573 /* HomeBannerCollectionViewCell.swift */,
				A2429B89288E657A003E3573 /* HomeViewController.swift */,
			);
			path = Home;
			sourceTree = "<group>";
		};
		A2D5501C2890410F000436FC /* Forum */ = {
			isa = PBXGroup;
			children = (
				A246BFC12896A9DE00BE564C /* Forum.storyboard */,
				A20C85CE28A1DA0B0012AAC8 /* PostArticleTableViewCell.swift */,
				A20C85CF28A1DA0B0012AAC8 /* PostArticleTableViewCell.xib */,
				A20C85D928A1EF610012AAC8 /* PostReplyTableViewCell.swift */,
				A20C85DA28A1EF610012AAC8 /* PostReplyTableViewCell.xib */,
				A298168328A1C283002F3EC5 /* ForumEditorViewController.swift */,
				A20C85CC28A1D93B0012AAC8 /* ForumPostViewController.swift */,
				A2E6E1882898D7D300844770 /* Forum List */,
				A2A809DF2898D3C30013EA6F /* Forum Detail List */,
				A2E6E1892898D7DD00844770 /* Forum Post */,
			);
			path = Forum;
			sourceTree = "<group>";
		};
		A2E6E1872898D77700844770 /* Book */ = {
			isa = PBXGroup;
			children = (
				A2E6E1932898EFBE00844770 /* Book.storyboard */,
				A2E6E1972898F06F00844770 /* BookInfoViewController.swift */,
			);
			path = Book;
			sourceTree = "<group>";
		};
		A2E6E1882898D7D300844770 /* Forum List */ = {
			isa = PBXGroup;
			children = (
			);
			path = "Forum List";
			sourceTree = "<group>";
		};
		A2E6E1892898D7DD00844770 /* Forum Post */ = {
			isa = PBXGroup;
			children = (
			);
			path = "Forum Post";
			sourceTree = "<group>";
		};
		A2F5023B28986AEC00352BFB /* Main */ = {
			isa = PBXGroup;
			children = (
				A246BFB32896719400BE564C /* Main.storyboard */,
				A20C85CA28A1C6010012AAC8 /* MainTabBarViewController.swift */,
				A25FA56228A1B5DE00AB46DF /* ConciergeViewController.swift */,
			);
			path = Main;
			sourceTree = "<group>";
		};
		A2F5023C28986B4700352BFB /* Extensions */ = {
			isa = PBXGroup;
			children = (
				A2F5023E28986B8600352BFB /* UIColor+Extension.swift */,
				A269EB1828986F4C00C03DDB /* UIViewController+Extension.swift */,
				A2FBF33328A4F6DE0076DC42 /* String+Extension.swift */,
			);
			path = Extensions;
			sourceTree = "<group>";
		};
		A2F5023D28986B6500352BFB /* Utils */ = {
			isa = PBXGroup;
			children = (
				A2F5023C28986B4700352BFB /* Extensions */,
				A2442EF8289549410001ED62 /* Data */,
			);
			path = Utils;
			sourceTree = "<group>";
		};
		A2F5024028986BF300352BFB /* Resources */ = {
			isa = PBXGroup;
			children = (
				A2F5024328986C2F00352BFB /* Lottie */,
				A2F5024228986C2900352BFB /* Fonts */,
				A2AFB27B28766D250091C123 /* Assets.xcassets */,
			);
			path = Resources;
			sourceTree = "<group>";
		};
		A2F5024128986C0900352BFB /* Network */ = {
			isa = PBXGroup;
			children = (
				A2C27A0128A21BCC0016E150 /* Model */,
				A2C27A0428A21D6E0016E150 /* Manager */,
				A2E6E1C72899F93D00844770 /* Keys.swift */,
				A2C279FF28A21B0D0016E150 /* Endpoint.swift */,
			);
			path = Network;
			sourceTree = "<group>";
		};
		A2F5024228986C2900352BFB /* Fonts */ = {
			isa = PBXGroup;
			children = (
			);
			path = Fonts;
			sourceTree = "<group>";
		};
		A2F5024328986C2F00352BFB /* Lottie */ = {
			isa = PBXGroup;
			children = (
			);
			path = Lottie;
			sourceTree = "<group>";
		};
		A2F5024428986C8000352BFB /* Sources */ = {
			isa = PBXGroup;
			children = (
				A2AE1DAF28A3924600202218 /* View */,
				A2442EFA28954B490001ED62 /* Onboarding */,
				A2442EF928954B410001ED62 /* Authentication */,
				A2F5023B28986AEC00352BFB /* Main */,
				A2D5501B28904108000436FC /* Home */,
				A2D5501C2890410F000436FC /* Forum */,
				A246BFBE2896A98500BE564C /* Club */,
				A2D55011289030AC000436FC /* Search */,
				A246BFC32896A9FB00BE564C /* MyPage */,
			);
			path = Sources;
			sourceTree = "<group>";
		};
		A2FBF32F28A4E0AE0076DC42 /* Tags */ = {
			isa = PBXGroup;
			children = (
				A2B1389C289ED085004241D0 /* TagCollectionViewCell.swift */,
				A2E6E1872898D77700844770 /* Book */,
			);
			path = Tags;
			sourceTree = "<group>";
		};
		A2FBF33028A4E5F50076DC42 /* Login */ = {
			isa = PBXGroup;
			children = (
				A2FBF33128A4E6090076DC42 /* LoginViewController.swift */,
			);
			path = Login;
			sourceTree = "<group>";
		};
		E8E0E6FF0D54EE7391D7B982 /* Frameworks */ = {
			isa = PBXGroup;
			children = (
				A2A5587B28A924AF000E6F0A /* AuthenticationServices.framework */,
				CC52AF2B4CA789A8688A12D4 /* Pods_Techl.framework */,
			);
			name = Frameworks;
			sourceTree = "<group>";
		};
/* End PBXGroup section */

/* Begin PBXNativeTarget section */
		A2AFB26E28766D240091C123 /* Techl */ = {
			isa = PBXNativeTarget;
			buildConfigurationList = A2AFB28328766D250091C123 /* Build configuration list for PBXNativeTarget "Techl" */;
			buildPhases = (
				F54DEAB19B1F96ADA30D2E99 /* [CP] Check Pods Manifest.lock */,
				A2AFB26B28766D240091C123 /* Sources */,
				A2AFB26C28766D240091C123 /* Frameworks */,
				A2AFB26D28766D240091C123 /* Resources */,
				A2D84334287F8EA1007BFF73 /* Embed Frameworks */,
				48965A21F0D27E5BB0406F9D /* [CP] Embed Pods Frameworks */,
			);
			buildRules = (
			);
			dependencies = (
			);
			name = Techl;
			packageProductDependencies = (
				A2595381288300300065791E /* TextFieldEffects */,
				A246BFB82896737000BE564C /* Alamofire */,
				A2E6E18B2898D90300844770 /* Toast */,
				A2A5585E28A541CB000E6F0A /* SwiftyJSON */,
				A2A5586128A541DA000E6F0A /* Kingfisher */,
			);
			productName = Techl;
			productReference = A2AFB26F28766D240091C123 /* Techl.app */;
			productType = "com.apple.product-type.application";
		};
/* End PBXNativeTarget section */

/* Begin PBXProject section */
		A2AFB26728766D240091C123 /* Project object */ = {
			isa = PBXProject;
			attributes = {
				BuildIndependentTargetsInParallel = 1;
				LastSwiftUpdateCheck = 1340;
				LastUpgradeCheck = 1340;
				TargetAttributes = {
					A2AFB26E28766D240091C123 = {
						CreatedOnToolsVersion = 13.4.1;
					};
				};
			};
			buildConfigurationList = A2AFB26A28766D240091C123 /* Build configuration list for PBXProject "Techl" */;
			compatibilityVersion = "Xcode 13.0";
			developmentRegion = en;
			hasScannedForEncodings = 0;
			knownRegions = (
				en,
				Base,
			);
			mainGroup = A2AFB26628766D240091C123;
			packageReferences = (
				A2595380288300300065791E /* XCRemoteSwiftPackageReference "TextFieldEffects" */,
				A246BFB72896737000BE564C /* XCRemoteSwiftPackageReference "Alamofire" */,
				A2E6E18A2898D90300844770 /* XCRemoteSwiftPackageReference "Toast-Swift" */,
				A2A5585D28A541CB000E6F0A /* XCRemoteSwiftPackageReference "SwiftyJSON" */,
				A2A5586028A541DA000E6F0A /* XCRemoteSwiftPackageReference "Kingfisher" */,
			);
			productRefGroup = A2AFB27028766D240091C123 /* Products */;
			projectDirPath = "";
			projectRoot = "";
			targets = (
				A2AFB26E28766D240091C123 /* Techl */,
			);
		};
/* End PBXProject section */

/* Begin PBXResourcesBuildPhase section */
		A2AFB26D28766D240091C123 /* Resources */ = {
			isa = PBXResourcesBuildPhase;
			buildActionMask = 2147483647;
			files = (
				A2A5586C28A5C8D1000E6F0A /* BannerView.xib in Resources */,
				A20C85DC28A1EF610012AAC8 /* PostReplyTableViewCell.xib in Resources */,
				A246BFB52896732700BE564C /* Main.storyboard in Resources */,
				A2B1389F289ED085004241D0 /* TagCollectionViewCell.xib in Resources */,
				A2E6E1942898EFBE00844770 /* Book.storyboard in Resources */,
				A2AE1DB128A392A300202218 /* SectionTitle.xib in Resources */,
				A20C85D128A1DA0B0012AAC8 /* PostArticleTableViewCell.xib in Resources */,
				A246BFC52896AA1000BE564C /* MyPage.storyboard in Resources */,
				A246BFB62896732700BE564C /* Home.storyboard in Resources */,
				A2AFB28728766DB10091C123 /* Authentication.storyboard in Resources */,
				A246BFC22896A9DE00BE564C /* Forum.storyboard in Resources */,
				A2AE1DB928A3A71B00202218 /* BookTechlCardView.xib in Resources */,
				A2AE1DB528A3963700202218 /* ClubCardView.xib in Resources */,
				A2AFB28928766E620091C123 /* Onboarding.storyboard in Resources */,
				A246BFC02896A99C00BE564C /* Club.storyboard in Resources */,
				A2AFB27F28766D250091C123 /* LaunchScreen.storyboard in Resources */,
				A2E6E1902898E80900844770 /* BookClubCollectionViewCell.xib in Resources */,
				A2AFB27C28766D250091C123 /* Assets.xcassets in Resources */,
				A2E6E1C62899F91B00844770 /* .gitignore in Resources */,
				A243F10A287FB19400E46AE4 /* Search.storyboard in Resources */,
			);
			runOnlyForDeploymentPostprocessing = 0;
		};
/* End PBXResourcesBuildPhase section */

/* Begin PBXShellScriptBuildPhase section */
		48965A21F0D27E5BB0406F9D /* [CP] Embed Pods Frameworks */ = {
			isa = PBXShellScriptBuildPhase;
			buildActionMask = 2147483647;
			files = (
			);
			inputFileListPaths = (
				"${PODS_ROOT}/Target Support Files/Pods-Techl/Pods-Techl-frameworks-${CONFIGURATION}-input-files.xcfilelist",
			);
			name = "[CP] Embed Pods Frameworks";
			outputFileListPaths = (
				"${PODS_ROOT}/Target Support Files/Pods-Techl/Pods-Techl-frameworks-${CONFIGURATION}-output-files.xcfilelist",
			);
			runOnlyForDeploymentPostprocessing = 0;
			shellPath = /bin/sh;
			shellScript = "\"${PODS_ROOT}/Target Support Files/Pods-Techl/Pods-Techl-frameworks.sh\"\n";
			showEnvVarsInLog = 0;
		};
		F54DEAB19B1F96ADA30D2E99 /* [CP] Check Pods Manifest.lock */ = {
			isa = PBXShellScriptBuildPhase;
			buildActionMask = 2147483647;
			files = (
			);
			inputFileListPaths = (
			);
			inputPaths = (
				"${PODS_PODFILE_DIR_PATH}/Podfile.lock",
				"${PODS_ROOT}/Manifest.lock",
			);
			name = "[CP] Check Pods Manifest.lock";
			outputFileListPaths = (
			);
			outputPaths = (
				"$(DERIVED_FILE_DIR)/Pods-Techl-checkManifestLockResult.txt",
			);
			runOnlyForDeploymentPostprocessing = 0;
			shellPath = /bin/sh;
			shellScript = "diff \"${PODS_PODFILE_DIR_PATH}/Podfile.lock\" \"${PODS_ROOT}/Manifest.lock\" > /dev/null\nif [ $? != 0 ] ; then\n    # print error to STDERR\n    echo \"error: The sandbox is not in sync with the Podfile.lock. Run 'pod install' or update your CocoaPods installation.\" >&2\n    exit 1\nfi\n# This output is used by Xcode 'outputs' to avoid re-running this script phase.\necho \"SUCCESS\" > \"${SCRIPT_OUTPUT_FILE_0}\"\n";
			showEnvVarsInLog = 0;
		};
/* End PBXShellScriptBuildPhase section */

/* Begin PBXSourcesBuildPhase section */
		A2AFB26B28766D240091C123 /* Sources */ = {
			isa = PBXSourcesBuildPhase;
			buildActionMask = 2147483647;
			files = (
				A2EF815528ABAC2A0019BA72 /* BannerCollectionViewCell.swift in Sources */,
				A2EF815428ABABE90019BA72 /* ClubCollectionViewCell.swift in Sources */,
				A21BB1E6289275D600B3F325 /* NXMLSearchCollectionReusableView.swift in Sources */,
				A2AE1DB728A398C500202218 /* ClubCardView.swift in Sources */,
				A2F5023F28986B8600352BFB /* UIColor+Extension.swift in Sources */,
				A2B1389E289ED085004241D0 /* TagCollectionViewCell.swift in Sources */,
				A2C27A0628A226D10016E150 /* BookModel.swift in Sources */,
				A2A5587528A663DA000E6F0A /* AgreementViewController.swift in Sources */,
				A2AE1DC128A4580C00202218 /* OnboardingCollectionViewCell.swift in Sources */,
				A20C85CB28A1C6010012AAC8 /* MainTabBarViewController.swift in Sources */,
				A2E6E18F2898E80900844770 /* BookClubCollectionViewCell.swift in Sources */,
				A2C27A0328A21C3A0016E150 /* ForumModel.swift in Sources */,
				A20C85CD28A1D93B0012AAC8 /* ForumPostViewController.swift in Sources */,
				A2D5501828903F91000436FC /* NXMLBookSearchResult.swift in Sources */,
				A2AE1DBB28A3B12300202218 /* BookTechlCardView.swift in Sources */,
				A2A5587E28A92825000E6F0A /* OTPManager.swift in Sources */,
				A2E6E1C82899F93D00844770 /* Keys.swift in Sources */,
				A298168428A1C283002F3EC5 /* ForumEditorViewController.swift in Sources */,
				A2E6E1982898F06F00844770 /* BookInfoViewController.swift in Sources */,
				A2AE1DBF28A4570200202218 /* OnboardingMessage.swift in Sources */,
				A2A809DC2898D3410013EA6F /* ForumDetailListViewController.swift in Sources */,
				A2AE1DB328A3939B00202218 /* SectionTitle.swift in Sources */,
				A2EF814C28AB99F00019BA72 /* ClubTableViewCell.swift in Sources */,
				A2A5586428A5425C000E6F0A /* UserModel.swift in Sources */,
				A2EF814828AB90F00019BA72 /* NewHomeViewController.swift in Sources */,
				A2A5588028AA4B87000E6F0A /* ProfileSelectionViewController.swift in Sources */,
				A2EF814E28AB9B0C0019BA72 /* ForumTableViewCell.swift in Sources */,
				A25FA56328A1B5DE00AB46DF /* ConciergeViewController.swift in Sources */,
				A2429B8A288E657A003E3573 /* HomeViewController.swift in Sources */,
				A246BFC72896AB8500BE564C /* BannerDetailViewController.swift in Sources */,
				A2A5587728A815CE000E6F0A /* FirstSignUpViewController.swift in Sources */,
				A2A5585C28A53F11000E6F0A /* AuthenticationManager.swift in Sources */,
				A2EF814A28AB98C60019BA72 /* BannerTableViewCell.swift in Sources */,
				A246BFBB2896827000BE564C /* ClubListCollectionViewCell.swift in Sources */,
				A2C27A0028A21B0D0016E150 /* Endpoint.swift in Sources */,
				A2D5501A28903FF1000436FC /* NXMLSearchCollectionViewCell.swift in Sources */,
				A2A809DE2898D37E0013EA6F /* ForumDetailListCollectionViewCell.swift in Sources */,
				A2E6E1922898EBEB00844770 /* BookClubListViewController.swift in Sources */,
				A2C279FE28A21AB80016E150 /* APIManager.swift in Sources */,
				A2A5587928A816D0000E6F0A /* SecondSignupViewController.swift in Sources */,
				A269EB1928986F4C00C03DDB /* UIViewController+Extension.swift in Sources */,
				A2FBF33428A4F6DE0076DC42 /* String+Extension.swift in Sources */,
				A246BFBD2896A7EE00BE564C /* BookDetailViewController.swift in Sources */,
				A2AE1DBD28A402B400202218 /* OnboardingViewController.swift in Sources */,
				A2429B8E288E65F9003E3573 /* BookListCollectionViewCell.swift in Sources */,
				A2442EF7289547E70001ED62 /* Banner.swift in Sources */,
				A2FBF33228A4E6090076DC42 /* LoginViewController.swift in Sources */,
				A2429B8C288E65A6003E3573 /* HomeBannerCollectionViewCell.swift in Sources */,
				A2AFB27328766D240091C123 /* AppDelegate.swift in Sources */,
				A20C85D028A1DA0B0012AAC8 /* PostArticleTableViewCell.swift in Sources */,
				A25FA56628A1B6B800AB46DF /* LandscapeManager.swift in Sources */,
				A2AFB27528766D240091C123 /* SceneDelegate.swift in Sources */,
				A2429B90288E697B003E3573 /* BookListHeaderCollectionReusableView.swift in Sources */,
				A2FBF32C28A46C300076DC42 /* ConciergeLoginViewController.swift in Sources */,
				A2EF815028ABA8320019BA72 /* BookCardCollectionViewCell.swift in Sources */,
				A246BFD22896C43100BE564C /* Documents.swift in Sources */,
				A2A5586E28A5CCCB000E6F0A /* BannerView.swift in Sources */,
				A2B1389B289ECFFE004241D0 /* PreferredITFieldViewController.swift in Sources */,
				A20C85DB28A1EF610012AAC8 /* PostReplyTableViewCell.swift in Sources */,
				A2D5501628903497000436FC /* NXMLSearchViewController.swift in Sources */,
			);
			runOnlyForDeploymentPostprocessing = 0;
		};
/* End PBXSourcesBuildPhase section */

/* Begin PBXVariantGroup section */
		A2AFB27828766D240091C123 /* Home.storyboard */ = {
			isa = PBXVariantGroup;
			children = (
				A2AFB27928766D240091C123 /* Base */,
			);
			name = Home.storyboard;
			sourceTree = "<group>";
		};
		A2AFB27D28766D250091C123 /* LaunchScreen.storyboard */ = {
			isa = PBXVariantGroup;
			children = (
				A2AFB27E28766D250091C123 /* Base */,
			);
			name = LaunchScreen.storyboard;
			sourceTree = "<group>";
		};
/* End PBXVariantGroup section */

/* Begin XCBuildConfiguration section */
		A2AFB28128766D250091C123 /* Debug */ = {
			isa = XCBuildConfiguration;
			buildSettings = {
				ALWAYS_SEARCH_USER_PATHS = NO;
				CLANG_ANALYZER_NONNULL = YES;
				CLANG_ANALYZER_NUMBER_OBJECT_CONVERSION = YES_AGGRESSIVE;
				CLANG_CXX_LANGUAGE_STANDARD = "gnu++17";
				CLANG_ENABLE_MODULES = YES;
				CLANG_ENABLE_OBJC_ARC = YES;
				CLANG_ENABLE_OBJC_WEAK = YES;
				CLANG_WARN_BLOCK_CAPTURE_AUTORELEASING = YES;
				CLANG_WARN_BOOL_CONVERSION = YES;
				CLANG_WARN_COMMA = YES;
				CLANG_WARN_CONSTANT_CONVERSION = YES;
				CLANG_WARN_DEPRECATED_OBJC_IMPLEMENTATIONS = YES;
				CLANG_WARN_DIRECT_OBJC_ISA_USAGE = YES_ERROR;
				CLANG_WARN_DOCUMENTATION_COMMENTS = YES;
				CLANG_WARN_EMPTY_BODY = YES;
				CLANG_WARN_ENUM_CONVERSION = YES;
				CLANG_WARN_INFINITE_RECURSION = YES;
				CLANG_WARN_INT_CONVERSION = YES;
				CLANG_WARN_NON_LITERAL_NULL_CONVERSION = YES;
				CLANG_WARN_OBJC_IMPLICIT_RETAIN_SELF = YES;
				CLANG_WARN_OBJC_LITERAL_CONVERSION = YES;
				CLANG_WARN_OBJC_ROOT_CLASS = YES_ERROR;
				CLANG_WARN_QUOTED_INCLUDE_IN_FRAMEWORK_HEADER = YES;
				CLANG_WARN_RANGE_LOOP_ANALYSIS = YES;
				CLANG_WARN_STRICT_PROTOTYPES = YES;
				CLANG_WARN_SUSPICIOUS_MOVE = YES;
				CLANG_WARN_UNGUARDED_AVAILABILITY = YES_AGGRESSIVE;
				CLANG_WARN_UNREACHABLE_CODE = YES;
				CLANG_WARN__DUPLICATE_METHOD_MATCH = YES;
				COPY_PHASE_STRIP = NO;
				DEBUG_INFORMATION_FORMAT = dwarf;
				ENABLE_STRICT_OBJC_MSGSEND = YES;
				ENABLE_TESTABILITY = YES;
				GCC_C_LANGUAGE_STANDARD = gnu11;
				GCC_DYNAMIC_NO_PIC = NO;
				GCC_NO_COMMON_BLOCKS = YES;
				GCC_OPTIMIZATION_LEVEL = 0;
				GCC_PREPROCESSOR_DEFINITIONS = (
					"DEBUG=1",
					"$(inherited)",
				);
				GCC_WARN_64_TO_32_BIT_CONVERSION = YES;
				GCC_WARN_ABOUT_RETURN_TYPE = YES_ERROR;
				GCC_WARN_UNDECLARED_SELECTOR = YES;
				GCC_WARN_UNINITIALIZED_AUTOS = YES_AGGRESSIVE;
				GCC_WARN_UNUSED_FUNCTION = YES;
				GCC_WARN_UNUSED_VARIABLE = YES;
				IPHONEOS_DEPLOYMENT_TARGET = 15.0;
				MTL_ENABLE_DEBUG_INFO = INCLUDE_SOURCE;
				MTL_FAST_MATH = YES;
				ONLY_ACTIVE_ARCH = YES;
				SDKROOT = iphoneos;
				SWIFT_ACTIVE_COMPILATION_CONDITIONS = DEBUG;
				SWIFT_OPTIMIZATION_LEVEL = "-Onone";
			};
			name = Debug;
		};
		A2AFB28228766D250091C123 /* Release */ = {
			isa = XCBuildConfiguration;
			buildSettings = {
				ALWAYS_SEARCH_USER_PATHS = NO;
				CLANG_ANALYZER_NONNULL = YES;
				CLANG_ANALYZER_NUMBER_OBJECT_CONVERSION = YES_AGGRESSIVE;
				CLANG_CXX_LANGUAGE_STANDARD = "gnu++17";
				CLANG_ENABLE_MODULES = YES;
				CLANG_ENABLE_OBJC_ARC = YES;
				CLANG_ENABLE_OBJC_WEAK = YES;
				CLANG_WARN_BLOCK_CAPTURE_AUTORELEASING = YES;
				CLANG_WARN_BOOL_CONVERSION = YES;
				CLANG_WARN_COMMA = YES;
				CLANG_WARN_CONSTANT_CONVERSION = YES;
				CLANG_WARN_DEPRECATED_OBJC_IMPLEMENTATIONS = YES;
				CLANG_WARN_DIRECT_OBJC_ISA_USAGE = YES_ERROR;
				CLANG_WARN_DOCUMENTATION_COMMENTS = YES;
				CLANG_WARN_EMPTY_BODY = YES;
				CLANG_WARN_ENUM_CONVERSION = YES;
				CLANG_WARN_INFINITE_RECURSION = YES;
				CLANG_WARN_INT_CONVERSION = YES;
				CLANG_WARN_NON_LITERAL_NULL_CONVERSION = YES;
				CLANG_WARN_OBJC_IMPLICIT_RETAIN_SELF = YES;
				CLANG_WARN_OBJC_LITERAL_CONVERSION = YES;
				CLANG_WARN_OBJC_ROOT_CLASS = YES_ERROR;
				CLANG_WARN_QUOTED_INCLUDE_IN_FRAMEWORK_HEADER = YES;
				CLANG_WARN_RANGE_LOOP_ANALYSIS = YES;
				CLANG_WARN_STRICT_PROTOTYPES = YES;
				CLANG_WARN_SUSPICIOUS_MOVE = YES;
				CLANG_WARN_UNGUARDED_AVAILABILITY = YES_AGGRESSIVE;
				CLANG_WARN_UNREACHABLE_CODE = YES;
				CLANG_WARN__DUPLICATE_METHOD_MATCH = YES;
				COPY_PHASE_STRIP = NO;
				DEBUG_INFORMATION_FORMAT = "dwarf-with-dsym";
				ENABLE_NS_ASSERTIONS = NO;
				ENABLE_STRICT_OBJC_MSGSEND = YES;
				GCC_C_LANGUAGE_STANDARD = gnu11;
				GCC_NO_COMMON_BLOCKS = YES;
				GCC_WARN_64_TO_32_BIT_CONVERSION = YES;
				GCC_WARN_ABOUT_RETURN_TYPE = YES_ERROR;
				GCC_WARN_UNDECLARED_SELECTOR = YES;
				GCC_WARN_UNINITIALIZED_AUTOS = YES_AGGRESSIVE;
				GCC_WARN_UNUSED_FUNCTION = YES;
				GCC_WARN_UNUSED_VARIABLE = YES;
				IPHONEOS_DEPLOYMENT_TARGET = 15.0;
				MTL_ENABLE_DEBUG_INFO = NO;
				MTL_FAST_MATH = YES;
				SDKROOT = iphoneos;
				SWIFT_COMPILATION_MODE = wholemodule;
				SWIFT_OPTIMIZATION_LEVEL = "-O";
				VALIDATE_PRODUCT = YES;
			};
			name = Release;
		};
		A2AFB28428766D250091C123 /* Debug */ = {
			isa = XCBuildConfiguration;
			baseConfigurationReference = E8189617B6DC14A1A0F96365 /* Pods-Techl.debug.xcconfig */;
			buildSettings = {
				ASSETCATALOG_COMPILER_APPICON_NAME = AppIcon;
				ASSETCATALOG_COMPILER_GLOBAL_ACCENT_COLOR_NAME = AccentColor;
				CODE_SIGN_ENTITLEMENTS = Techl/Techl.entitlements;
				CODE_SIGN_STYLE = Automatic;
				CURRENT_PROJECT_VERSION = 1;
				DEVELOPMENT_TEAM = F7B353LPM3;
				GENERATE_INFOPLIST_FILE = YES;
				INFOPLIST_FILE = Techl/Supports/Info.plist;
				INFOPLIST_KEY_CFBundleDisplayName = "테클";
				INFOPLIST_KEY_UIApplicationSupportsIndirectInputEvents = YES;
				INFOPLIST_KEY_UILaunchStoryboardName = LaunchScreen;
				INFOPLIST_KEY_UIMainStoryboardFile = Main;
				INFOPLIST_KEY_UISupportedInterfaceOrientations = UIInterfaceOrientationPortrait;
				INFOPLIST_KEY_UISupportedInterfaceOrientations_iPad = "UIInterfaceOrientationPortrait UIInterfaceOrientationPortraitUpsideDown UIInterfaceOrientationLandscapeLeft UIInterfaceOrientationLandscapeRight";
				INFOPLIST_KEY_UISupportedInterfaceOrientations_iPhone = "UIInterfaceOrientationPortrait UIInterfaceOrientationLandscapeLeft UIInterfaceOrientationLandscapeRight";
				IPHONEOS_DEPLOYMENT_TARGET = 15.0;
				LD_RUNPATH_SEARCH_PATHS = (
					"$(inherited)",
					"@executable_path/Frameworks",
				);
				MARKETING_VERSION = 1.0;
				PRODUCT_BUNDLE_IDENTIFIER = com.kimdee.Techl;
				PRODUCT_NAME = "$(TARGET_NAME)";
				SWIFT_EMIT_LOC_STRINGS = YES;
				SWIFT_VERSION = 5.0;
				TARGETED_DEVICE_FAMILY = 1;
			};
			name = Debug;
		};
		A2AFB28528766D250091C123 /* Release */ = {
			isa = XCBuildConfiguration;
			baseConfigurationReference = FB279C66960B5F4E0934E49F /* Pods-Techl.release.xcconfig */;
			buildSettings = {
				ASSETCATALOG_COMPILER_APPICON_NAME = AppIcon;
				ASSETCATALOG_COMPILER_GLOBAL_ACCENT_COLOR_NAME = AccentColor;
				CODE_SIGN_ENTITLEMENTS = Techl/Techl.entitlements;
				CODE_SIGN_STYLE = Automatic;
				CURRENT_PROJECT_VERSION = 1;
				DEVELOPMENT_TEAM = F7B353LPM3;
				GENERATE_INFOPLIST_FILE = YES;
				INFOPLIST_FILE = Techl/Supports/Info.plist;
				INFOPLIST_KEY_CFBundleDisplayName = "테클";
				INFOPLIST_KEY_UIApplicationSupportsIndirectInputEvents = YES;
				INFOPLIST_KEY_UILaunchStoryboardName = LaunchScreen;
				INFOPLIST_KEY_UIMainStoryboardFile = Main;
				INFOPLIST_KEY_UISupportedInterfaceOrientations = UIInterfaceOrientationPortrait;
				INFOPLIST_KEY_UISupportedInterfaceOrientations_iPad = "UIInterfaceOrientationPortrait UIInterfaceOrientationPortraitUpsideDown UIInterfaceOrientationLandscapeLeft UIInterfaceOrientationLandscapeRight";
				INFOPLIST_KEY_UISupportedInterfaceOrientations_iPhone = "UIInterfaceOrientationPortrait UIInterfaceOrientationLandscapeLeft UIInterfaceOrientationLandscapeRight";
				IPHONEOS_DEPLOYMENT_TARGET = 15.0;
				LD_RUNPATH_SEARCH_PATHS = (
					"$(inherited)",
					"@executable_path/Frameworks",
				);
				MARKETING_VERSION = 1.0;
				PRODUCT_BUNDLE_IDENTIFIER = com.kimdee.Techl;
				PRODUCT_NAME = "$(TARGET_NAME)";
				SWIFT_EMIT_LOC_STRINGS = YES;
				SWIFT_VERSION = 5.0;
				TARGETED_DEVICE_FAMILY = 1;
			};
			name = Release;
		};
/* End XCBuildConfiguration section */

/* Begin XCConfigurationList section */
		A2AFB26A28766D240091C123 /* Build configuration list for PBXProject "Techl" */ = {
			isa = XCConfigurationList;
			buildConfigurations = (
				A2AFB28128766D250091C123 /* Debug */,
				A2AFB28228766D250091C123 /* Release */,
			);
			defaultConfigurationIsVisible = 0;
			defaultConfigurationName = Release;
		};
		A2AFB28328766D250091C123 /* Build configuration list for PBXNativeTarget "Techl" */ = {
			isa = XCConfigurationList;
			buildConfigurations = (
				A2AFB28428766D250091C123 /* Debug */,
				A2AFB28528766D250091C123 /* Release */,
			);
			defaultConfigurationIsVisible = 0;
			defaultConfigurationName = Release;
		};
/* End XCConfigurationList section */

/* Begin XCRemoteSwiftPackageReference section */
		A246BFB72896737000BE564C /* XCRemoteSwiftPackageReference "Alamofire" */ = {
			isa = XCRemoteSwiftPackageReference;
			repositoryURL = "https://github.com/Alamofire/Alamofire";
			requirement = {
				kind = upToNextMajorVersion;
				minimumVersion = 5.0.0;
			};
		};
		A2595380288300300065791E /* XCRemoteSwiftPackageReference "TextFieldEffects" */ = {
			isa = XCRemoteSwiftPackageReference;
			repositoryURL = "https://github.com/raulriera/TextFieldEffects";
			requirement = {
				kind = upToNextMajorVersion;
				minimumVersion = 1.0.0;
			};
		};
		A2A5585D28A541CB000E6F0A /* XCRemoteSwiftPackageReference "SwiftyJSON" */ = {
			isa = XCRemoteSwiftPackageReference;
			repositoryURL = "https://github.com/SwiftyJSON/SwiftyJSON";
			requirement = {
				kind = upToNextMajorVersion;
				minimumVersion = 5.0.0;
			};
		};
		A2A5586028A541DA000E6F0A /* XCRemoteSwiftPackageReference "Kingfisher" */ = {
			isa = XCRemoteSwiftPackageReference;
			repositoryURL = "https://github.com/onevcat/Kingfisher";
			requirement = {
				kind = upToNextMajorVersion;
				minimumVersion = 7.0.0;
			};
		};
		A2E6E18A2898D90300844770 /* XCRemoteSwiftPackageReference "Toast-Swift" */ = {
			isa = XCRemoteSwiftPackageReference;
			repositoryURL = "https://github.com/scalessec/Toast-Swift";
			requirement = {
				kind = upToNextMajorVersion;
				minimumVersion = 5.0.0;
			};
		};
/* End XCRemoteSwiftPackageReference section */

/* Begin XCSwiftPackageProductDependency section */
		A246BFB82896737000BE564C /* Alamofire */ = {
			isa = XCSwiftPackageProductDependency;
			package = A246BFB72896737000BE564C /* XCRemoteSwiftPackageReference "Alamofire" */;
			productName = Alamofire;
		};
		A2595381288300300065791E /* TextFieldEffects */ = {
			isa = XCSwiftPackageProductDependency;
			package = A2595380288300300065791E /* XCRemoteSwiftPackageReference "TextFieldEffects" */;
			productName = TextFieldEffects;
		};
		A2A5585E28A541CB000E6F0A /* SwiftyJSON */ = {
			isa = XCSwiftPackageProductDependency;
			package = A2A5585D28A541CB000E6F0A /* XCRemoteSwiftPackageReference "SwiftyJSON" */;
			productName = SwiftyJSON;
		};
		A2A5586128A541DA000E6F0A /* Kingfisher */ = {
			isa = XCSwiftPackageProductDependency;
			package = A2A5586028A541DA000E6F0A /* XCRemoteSwiftPackageReference "Kingfisher" */;
			productName = Kingfisher;
		};
		A2E6E18B2898D90300844770 /* Toast */ = {
			isa = XCSwiftPackageProductDependency;
			package = A2E6E18A2898D90300844770 /* XCRemoteSwiftPackageReference "Toast-Swift" */;
			productName = Toast;
		};
/* End XCSwiftPackageProductDependency section */
	};
	rootObject = A2AFB26728766D240091C123 /* Project object */;
}
