// !$*UTF8*$!
{
	archiveVersion = 1;
	classes = {
	};
	objectVersion = 55;
	objects = {

/* Begin PBXBuildFile section */
		6BC792FE6EDDE9663D08A231 /* Pods_Techl.framework in Frameworks */ = {isa = PBXBuildFile; fileRef = CC52AF2B4CA789A8688A12D4 /* Pods_Techl.framework */; };
		A243F0ED287FAE0A00E46AE4 /* KakaoSDK in Frameworks */ = {isa = PBXBuildFile; productRef = A243F0EC287FAE0A00E46AE4 /* KakaoSDK */; };
		A243F0EF287FAE0A00E46AE4 /* KakaoSDKAuth in Frameworks */ = {isa = PBXBuildFile; productRef = A243F0EE287FAE0A00E46AE4 /* KakaoSDKAuth */; };
		A243F0F1287FAE0A00E46AE4 /* KakaoSDKCommon in Frameworks */ = {isa = PBXBuildFile; productRef = A243F0F0287FAE0A00E46AE4 /* KakaoSDKCommon */; };
		A243F0F3287FAE0A00E46AE4 /* KakaoSDKCommonCore in Frameworks */ = {isa = PBXBuildFile; productRef = A243F0F2287FAE0A00E46AE4 /* KakaoSDKCommonCore */; };
		A243F0F5287FAE0A00E46AE4 /* KakaoSDKNavi in Frameworks */ = {isa = PBXBuildFile; productRef = A243F0F4287FAE0A00E46AE4 /* KakaoSDKNavi */; };
		A243F0F7287FAE0A00E46AE4 /* KakaoSDKShare in Frameworks */ = {isa = PBXBuildFile; productRef = A243F0F6287FAE0A00E46AE4 /* KakaoSDKShare */; };
		A243F0F9287FAE0A00E46AE4 /* KakaoSDKStory in Frameworks */ = {isa = PBXBuildFile; productRef = A243F0F8287FAE0A00E46AE4 /* KakaoSDKStory */; };
		A243F0FB287FAE0A00E46AE4 /* KakaoSDKTalk in Frameworks */ = {isa = PBXBuildFile; productRef = A243F0FA287FAE0A00E46AE4 /* KakaoSDKTalk */; };
		A243F0FD287FAE0A00E46AE4 /* KakaoSDKTemplate in Frameworks */ = {isa = PBXBuildFile; productRef = A243F0FC287FAE0A00E46AE4 /* KakaoSDKTemplate */; };
		A243F0FF287FAE0A00E46AE4 /* KakaoSDKUser in Frameworks */ = {isa = PBXBuildFile; productRef = A243F0FE287FAE0A00E46AE4 /* KakaoSDKUser */; };
		A243F10A287FB19400E46AE4 /* Search.storyboard in Resources */ = {isa = PBXBuildFile; fileRef = A243F109287FB19400E46AE4 /* Search.storyboard */; };
		A243F10C287FB1D600E46AE4 /* SearchViewController.swift in Sources */ = {isa = PBXBuildFile; fileRef = A243F10B287FB1D600E46AE4 /* SearchViewController.swift */; };
		A2AFB27328766D240091C123 /* AppDelegate.swift in Sources */ = {isa = PBXBuildFile; fileRef = A2AFB27228766D240091C123 /* AppDelegate.swift */; };
		A2AFB27528766D240091C123 /* SceneDelegate.swift in Sources */ = {isa = PBXBuildFile; fileRef = A2AFB27428766D240091C123 /* SceneDelegate.swift */; };
		A2AFB27728766D240091C123 /* ViewController.swift in Sources */ = {isa = PBXBuildFile; fileRef = A2AFB27628766D240091C123 /* ViewController.swift */; };
		A2AFB27A28766D240091C123 /* Main.storyboard in Resources */ = {isa = PBXBuildFile; fileRef = A2AFB27828766D240091C123 /* Main.storyboard */; };
		A2AFB27C28766D250091C123 /* Assets.xcassets in Resources */ = {isa = PBXBuildFile; fileRef = A2AFB27B28766D250091C123 /* Assets.xcassets */; };
		A2AFB27F28766D250091C123 /* LaunchScreen.storyboard in Resources */ = {isa = PBXBuildFile; fileRef = A2AFB27D28766D250091C123 /* LaunchScreen.storyboard */; };
		A2AFB28728766DB10091C123 /* Authentication.storyboard in Resources */ = {isa = PBXBuildFile; fileRef = A2AFB28628766DB10091C123 /* Authentication.storyboard */; };
		A2AFB28928766E620091C123 /* Onboarding.storyboard in Resources */ = {isa = PBXBuildFile; fileRef = A2AFB28828766E620091C123 /* Onboarding.storyboard */; };
		A2D84333287F8EA1007BFF73 /* BuildFile in Embed Frameworks */ = {isa = PBXBuildFile; settings = {ATTRIBUTES = (CodeSignOnCopy, RemoveHeadersOnCopy, ); }; };
		A2EF180D287AAB4A002C7D5E /* BookSearchResult.swift in Sources */ = {isa = PBXBuildFile; fileRef = A2EF180C287AAB4A002C7D5E /* BookSearchResult.swift */; };
		A2EF180F287AB90F002C7D5E /* Keys.swift in Sources */ = {isa = PBXBuildFile; fileRef = A2EF180E287AB90F002C7D5E /* Keys.swift */; };
/* End PBXBuildFile section */

/* Begin PBXCopyFilesBuildPhase section */
		A2D84334287F8EA1007BFF73 /* Embed Frameworks */ = {
			isa = PBXCopyFilesBuildPhase;
			buildActionMask = 2147483647;
			dstPath = "";
			dstSubfolderSpec = 10;
			files = (
				A2D84333287F8EA1007BFF73 /* BuildFile in Embed Frameworks */,
			);
			name = "Embed Frameworks";
			runOnlyForDeploymentPostprocessing = 0;
		};
/* End PBXCopyFilesBuildPhase section */

/* Begin PBXFileReference section */
		A243F109287FB19400E46AE4 /* Search.storyboard */ = {isa = PBXFileReference; lastKnownFileType = file.storyboard; path = Search.storyboard; sourceTree = "<group>"; };
		A243F10B287FB1D600E46AE4 /* SearchViewController.swift */ = {isa = PBXFileReference; lastKnownFileType = sourcecode.swift; path = SearchViewController.swift; sourceTree = "<group>"; };
		A2AFB26F28766D240091C123 /* Techl.app */ = {isa = PBXFileReference; explicitFileType = wrapper.application; includeInIndex = 0; path = Techl.app; sourceTree = BUILT_PRODUCTS_DIR; };
		A2AFB27228766D240091C123 /* AppDelegate.swift */ = {isa = PBXFileReference; lastKnownFileType = sourcecode.swift; path = AppDelegate.swift; sourceTree = "<group>"; };
		A2AFB27428766D240091C123 /* SceneDelegate.swift */ = {isa = PBXFileReference; lastKnownFileType = sourcecode.swift; path = SceneDelegate.swift; sourceTree = "<group>"; };
		A2AFB27628766D240091C123 /* ViewController.swift */ = {isa = PBXFileReference; lastKnownFileType = sourcecode.swift; path = ViewController.swift; sourceTree = "<group>"; };
		A2AFB27928766D240091C123 /* Base */ = {isa = PBXFileReference; lastKnownFileType = file.storyboard; name = Base; path = Base.lproj/Main.storyboard; sourceTree = "<group>"; };
		A2AFB27B28766D250091C123 /* Assets.xcassets */ = {isa = PBXFileReference; lastKnownFileType = folder.assetcatalog; path = Assets.xcassets; sourceTree = "<group>"; };
		A2AFB27E28766D250091C123 /* Base */ = {isa = PBXFileReference; lastKnownFileType = file.storyboard; name = Base; path = Base.lproj/LaunchScreen.storyboard; sourceTree = "<group>"; };
		A2AFB28028766D250091C123 /* Info.plist */ = {isa = PBXFileReference; lastKnownFileType = text.plist.xml; path = Info.plist; sourceTree = "<group>"; };
		A2AFB28628766DB10091C123 /* Authentication.storyboard */ = {isa = PBXFileReference; lastKnownFileType = file.storyboard; path = Authentication.storyboard; sourceTree = "<group>"; };
		A2AFB28828766E620091C123 /* Onboarding.storyboard */ = {isa = PBXFileReference; lastKnownFileType = file.storyboard; path = Onboarding.storyboard; sourceTree = "<group>"; };
		A2EF180C287AAB4A002C7D5E /* BookSearchResult.swift */ = {isa = PBXFileReference; lastKnownFileType = sourcecode.swift; path = BookSearchResult.swift; sourceTree = "<group>"; };
		A2EF180E287AB90F002C7D5E /* Keys.swift */ = {isa = PBXFileReference; lastKnownFileType = sourcecode.swift; path = Keys.swift; sourceTree = "<group>"; };
		CC52AF2B4CA789A8688A12D4 /* Pods_Techl.framework */ = {isa = PBXFileReference; explicitFileType = wrapper.framework; includeInIndex = 0; path = Pods_Techl.framework; sourceTree = BUILT_PRODUCTS_DIR; };
		E8189617B6DC14A1A0F96365 /* Pods-Techl.debug.xcconfig */ = {isa = PBXFileReference; includeInIndex = 1; lastKnownFileType = text.xcconfig; name = "Pods-Techl.debug.xcconfig"; path = "Target Support Files/Pods-Techl/Pods-Techl.debug.xcconfig"; sourceTree = "<group>"; };
		FB279C66960B5F4E0934E49F /* Pods-Techl.release.xcconfig */ = {isa = PBXFileReference; includeInIndex = 1; lastKnownFileType = text.xcconfig; name = "Pods-Techl.release.xcconfig"; path = "Target Support Files/Pods-Techl/Pods-Techl.release.xcconfig"; sourceTree = "<group>"; };
/* End PBXFileReference section */

/* Begin PBXFrameworksBuildPhase section */
		A2AFB26C28766D240091C123 /* Frameworks */ = {
			isa = PBXFrameworksBuildPhase;
			buildActionMask = 2147483647;
			files = (
				A243F0F7287FAE0A00E46AE4 /* KakaoSDKShare in Frameworks */,
				A243F0FF287FAE0A00E46AE4 /* KakaoSDKUser in Frameworks */,
				A243F0F1287FAE0A00E46AE4 /* KakaoSDKCommon in Frameworks */,
				6BC792FE6EDDE9663D08A231 /* Pods_Techl.framework in Frameworks */,
				A243F0FB287FAE0A00E46AE4 /* KakaoSDKTalk in Frameworks */,
				A243F0ED287FAE0A00E46AE4 /* KakaoSDK in Frameworks */,
				A243F0FD287FAE0A00E46AE4 /* KakaoSDKTemplate in Frameworks */,
				A243F0F5287FAE0A00E46AE4 /* KakaoSDKNavi in Frameworks */,
				A243F0F3287FAE0A00E46AE4 /* KakaoSDKCommonCore in Frameworks */,
				A243F0EF287FAE0A00E46AE4 /* KakaoSDKAuth in Frameworks */,
				A243F0F9287FAE0A00E46AE4 /* KakaoSDKStory in Frameworks */,
			);
			runOnlyForDeploymentPostprocessing = 0;
		};
/* End PBXFrameworksBuildPhase section */

/* Begin PBXGroup section */
		426CEC05A7E9551519090A9A /* Pods */ = {
			isa = PBXGroup;
			children = (
				E8189617B6DC14A1A0F96365 /* Pods-Techl.debug.xcconfig */,
				FB279C66960B5F4E0934E49F /* Pods-Techl.release.xcconfig */,
			);
			path = Pods;
			sourceTree = "<group>";
		};
		A2AFB26628766D240091C123 = {
			isa = PBXGroup;
			children = (
				A2AFB27128766D240091C123 /* Techl */,
				A2AFB27028766D240091C123 /* Products */,
				426CEC05A7E9551519090A9A /* Pods */,
				E8E0E6FF0D54EE7391D7B982 /* Frameworks */,
			);
			sourceTree = "<group>";
		};
		A2AFB27028766D240091C123 /* Products */ = {
			isa = PBXGroup;
			children = (
				A2AFB26F28766D240091C123 /* Techl.app */,
			);
			name = Products;
			sourceTree = "<group>";
		};
		A2AFB27128766D240091C123 /* Techl */ = {
			isa = PBXGroup;
			children = (
				A2AFB27228766D240091C123 /* AppDelegate.swift */,
				A2AFB27428766D240091C123 /* SceneDelegate.swift */,
				A2AFB27628766D240091C123 /* ViewController.swift */,
				A2AFB27828766D240091C123 /* Main.storyboard */,
				A243F109287FB19400E46AE4 /* Search.storyboard */,
				A243F10B287FB1D600E46AE4 /* SearchViewController.swift */,
				A2AFB28628766DB10091C123 /* Authentication.storyboard */,
				A2AFB28828766E620091C123 /* Onboarding.storyboard */,
				A2AFB27B28766D250091C123 /* Assets.xcassets */,
				A2EF180C287AAB4A002C7D5E /* BookSearchResult.swift */,
				A2AFB27D28766D250091C123 /* LaunchScreen.storyboard */,
				A2AFB28028766D250091C123 /* Info.plist */,
				A2EF180E287AB90F002C7D5E /* Keys.swift */,
			);
			path = Techl;
			sourceTree = "<group>";
		};
		E8E0E6FF0D54EE7391D7B982 /* Frameworks */ = {
			isa = PBXGroup;
			children = (
				CC52AF2B4CA789A8688A12D4 /* Pods_Techl.framework */,
			);
			name = Frameworks;
			sourceTree = "<group>";
		};
/* End PBXGroup section */

/* Begin PBXNativeTarget section */
		A2AFB26E28766D240091C123 /* Techl */ = {
			isa = PBXNativeTarget;
			buildConfigurationList = A2AFB28328766D250091C123 /* Build configuration list for PBXNativeTarget "Techl" */;
			buildPhases = (
				F54DEAB19B1F96ADA30D2E99 /* [CP] Check Pods Manifest.lock */,
				A2AFB26B28766D240091C123 /* Sources */,
				A2AFB26C28766D240091C123 /* Frameworks */,
				A2AFB26D28766D240091C123 /* Resources */,
				A2D84334287F8EA1007BFF73 /* Embed Frameworks */,
				48965A21F0D27E5BB0406F9D /* [CP] Embed Pods Frameworks */,
			);
			buildRules = (
			);
			dependencies = (
			);
			name = Techl;
			packageProductDependencies = (
				A243F0EC287FAE0A00E46AE4 /* KakaoSDK */,
				A243F0EE287FAE0A00E46AE4 /* KakaoSDKAuth */,
				A243F0F0287FAE0A00E46AE4 /* KakaoSDKCommon */,
				A243F0F2287FAE0A00E46AE4 /* KakaoSDKCommonCore */,
				A243F0F4287FAE0A00E46AE4 /* KakaoSDKNavi */,
				A243F0F6287FAE0A00E46AE4 /* KakaoSDKShare */,
				A243F0F8287FAE0A00E46AE4 /* KakaoSDKStory */,
				A243F0FA287FAE0A00E46AE4 /* KakaoSDKTalk */,
				A243F0FC287FAE0A00E46AE4 /* KakaoSDKTemplate */,
				A243F0FE287FAE0A00E46AE4 /* KakaoSDKUser */,
			);
			productName = Techl;
			productReference = A2AFB26F28766D240091C123 /* Techl.app */;
			productType = "com.apple.product-type.application";
		};
/* End PBXNativeTarget section */

/* Begin PBXProject section */
		A2AFB26728766D240091C123 /* Project object */ = {
			isa = PBXProject;
			attributes = {
				BuildIndependentTargetsInParallel = 1;
				LastSwiftUpdateCheck = 1340;
				LastUpgradeCheck = 1340;
				TargetAttributes = {
					A2AFB26E28766D240091C123 = {
						CreatedOnToolsVersion = 13.4.1;
					};
				};
			};
			buildConfigurationList = A2AFB26A28766D240091C123 /* Build configuration list for PBXProject "Techl" */;
			compatibilityVersion = "Xcode 13.0";
			developmentRegion = en;
			hasScannedForEncodings = 0;
			knownRegions = (
				en,
				Base,
			);
			mainGroup = A2AFB26628766D240091C123;
			packageReferences = (
				A243F0EB287FAE0A00E46AE4 /* XCRemoteSwiftPackageReference "kakao-ios-sdk" */,
			);
			productRefGroup = A2AFB27028766D240091C123 /* Products */;
			projectDirPath = "";
			projectRoot = "";
			targets = (
				A2AFB26E28766D240091C123 /* Techl */,
			);
		};
/* End PBXProject section */

/* Begin PBXResourcesBuildPhase section */
		A2AFB26D28766D240091C123 /* Resources */ = {
			isa = PBXResourcesBuildPhase;
			buildActionMask = 2147483647;
			files = (
				A2AFB28728766DB10091C123 /* Authentication.storyboard in Resources */,
				A2AFB28928766E620091C123 /* Onboarding.storyboard in Resources */,
				A2AFB27F28766D250091C123 /* LaunchScreen.storyboard in Resources */,
				A2AFB27C28766D250091C123 /* Assets.xcassets in Resources */,
				A243F10A287FB19400E46AE4 /* Search.storyboard in Resources */,
				A2AFB27A28766D240091C123 /* Main.storyboard in Resources */,
			);
			runOnlyForDeploymentPostprocessing = 0;
		};
/* End PBXResourcesBuildPhase section */

/* Begin PBXShellScriptBuildPhase section */
		48965A21F0D27E5BB0406F9D /* [CP] Embed Pods Frameworks */ = {
			isa = PBXShellScriptBuildPhase;
			buildActionMask = 2147483647;
			files = (
			);
			inputFileListPaths = (
				"${PODS_ROOT}/Target Support Files/Pods-Techl/Pods-Techl-frameworks-${CONFIGURATION}-input-files.xcfilelist",
			);
			name = "[CP] Embed Pods Frameworks";
			outputFileListPaths = (
				"${PODS_ROOT}/Target Support Files/Pods-Techl/Pods-Techl-frameworks-${CONFIGURATION}-output-files.xcfilelist",
			);
			runOnlyForDeploymentPostprocessing = 0;
			shellPath = /bin/sh;
			shellScript = "\"${PODS_ROOT}/Target Support Files/Pods-Techl/Pods-Techl-frameworks.sh\"\n";
			showEnvVarsInLog = 0;
		};
		F54DEAB19B1F96ADA30D2E99 /* [CP] Check Pods Manifest.lock */ = {
			isa = PBXShellScriptBuildPhase;
			buildActionMask = 2147483647;
			files = (
			);
			inputFileListPaths = (
			);
			inputPaths = (
				"${PODS_PODFILE_DIR_PATH}/Podfile.lock",
				"${PODS_ROOT}/Manifest.lock",
			);
			name = "[CP] Check Pods Manifest.lock";
			outputFileListPaths = (
			);
			outputPaths = (
				"$(DERIVED_FILE_DIR)/Pods-Techl-checkManifestLockResult.txt",
			);
			runOnlyForDeploymentPostprocessing = 0;
			shellPath = /bin/sh;
			shellScript = "diff \"${PODS_PODFILE_DIR_PATH}/Podfile.lock\" \"${PODS_ROOT}/Manifest.lock\" > /dev/null\nif [ $? != 0 ] ; then\n    # print error to STDERR\n    echo \"error: The sandbox is not in sync with the Podfile.lock. Run 'pod install' or update your CocoaPods installation.\" >&2\n    exit 1\nfi\n# This output is used by Xcode 'outputs' to avoid re-running this script phase.\necho \"SUCCESS\" > \"${SCRIPT_OUTPUT_FILE_0}\"\n";
			showEnvVarsInLog = 0;
		};
/* End PBXShellScriptBuildPhase section */

/* Begin PBXSourcesBuildPhase section */
		A2AFB26B28766D240091C123 /* Sources */ = {
			isa = PBXSourcesBuildPhase;
			buildActionMask = 2147483647;
			files = (
				A243F10C287FB1D600E46AE4 /* SearchViewController.swift in Sources */,
				A2AFB27728766D240091C123 /* ViewController.swift in Sources */,
				A2EF180D287AAB4A002C7D5E /* BookSearchResult.swift in Sources */,
				A2AFB27328766D240091C123 /* AppDelegate.swift in Sources */,
				A2AFB27528766D240091C123 /* SceneDelegate.swift in Sources */,
				A2EF180F287AB90F002C7D5E /* Keys.swift in Sources */,
			);
			runOnlyForDeploymentPostprocessing = 0;
		};
/* End PBXSourcesBuildPhase section */

/* Begin PBXVariantGroup section */
		A2AFB27828766D240091C123 /* Main.storyboard */ = {
			isa = PBXVariantGroup;
			children = (
				A2AFB27928766D240091C123 /* Base */,
			);
			name = Main.storyboard;
			sourceTree = "<group>";
		};
		A2AFB27D28766D250091C123 /* LaunchScreen.storyboard */ = {
			isa = PBXVariantGroup;
			children = (
				A2AFB27E28766D250091C123 /* Base */,
			);
			name = LaunchScreen.storyboard;
			sourceTree = "<group>";
		};
/* End PBXVariantGroup section */

/* Begin XCBuildConfiguration section */
		A2AFB28128766D250091C123 /* Debug */ = {
			isa = XCBuildConfiguration;
			buildSettings = {
				ALWAYS_SEARCH_USER_PATHS = NO;
				CLANG_ANALYZER_NONNULL = YES;
				CLANG_ANALYZER_NUMBER_OBJECT_CONVERSION = YES_AGGRESSIVE;
				CLANG_CXX_LANGUAGE_STANDARD = "gnu++17";
				CLANG_ENABLE_MODULES = YES;
				CLANG_ENABLE_OBJC_ARC = YES;
				CLANG_ENABLE_OBJC_WEAK = YES;
				CLANG_WARN_BLOCK_CAPTURE_AUTORELEASING = YES;
				CLANG_WARN_BOOL_CONVERSION = YES;
				CLANG_WARN_COMMA = YES;
				CLANG_WARN_CONSTANT_CONVERSION = YES;
				CLANG_WARN_DEPRECATED_OBJC_IMPLEMENTATIONS = YES;
				CLANG_WARN_DIRECT_OBJC_ISA_USAGE = YES_ERROR;
				CLANG_WARN_DOCUMENTATION_COMMENTS = YES;
				CLANG_WARN_EMPTY_BODY = YES;
				CLANG_WARN_ENUM_CONVERSION = YES;
				CLANG_WARN_INFINITE_RECURSION = YES;
				CLANG_WARN_INT_CONVERSION = YES;
				CLANG_WARN_NON_LITERAL_NULL_CONVERSION = YES;
				CLANG_WARN_OBJC_IMPLICIT_RETAIN_SELF = YES;
				CLANG_WARN_OBJC_LITERAL_CONVERSION = YES;
				CLANG_WARN_OBJC_ROOT_CLASS = YES_ERROR;
				CLANG_WARN_QUOTED_INCLUDE_IN_FRAMEWORK_HEADER = YES;
				CLANG_WARN_RANGE_LOOP_ANALYSIS = YES;
				CLANG_WARN_STRICT_PROTOTYPES = YES;
				CLANG_WARN_SUSPICIOUS_MOVE = YES;
				CLANG_WARN_UNGUARDED_AVAILABILITY = YES_AGGRESSIVE;
				CLANG_WARN_UNREACHABLE_CODE = YES;
				CLANG_WARN__DUPLICATE_METHOD_MATCH = YES;
				COPY_PHASE_STRIP = NO;
				DEBUG_INFORMATION_FORMAT = dwarf;
				ENABLE_STRICT_OBJC_MSGSEND = YES;
				ENABLE_TESTABILITY = YES;
				GCC_C_LANGUAGE_STANDARD = gnu11;
				GCC_DYNAMIC_NO_PIC = NO;
				GCC_NO_COMMON_BLOCKS = YES;
				GCC_OPTIMIZATION_LEVEL = 0;
				GCC_PREPROCESSOR_DEFINITIONS = (
					"DEBUG=1",
					"$(inherited)",
				);
				GCC_WARN_64_TO_32_BIT_CONVERSION = YES;
				GCC_WARN_ABOUT_RETURN_TYPE = YES_ERROR;
				GCC_WARN_UNDECLARED_SELECTOR = YES;
				GCC_WARN_UNINITIALIZED_AUTOS = YES_AGGRESSIVE;
				GCC_WARN_UNUSED_FUNCTION = YES;
				GCC_WARN_UNUSED_VARIABLE = YES;
				IPHONEOS_DEPLOYMENT_TARGET = 15.5;
				MTL_ENABLE_DEBUG_INFO = INCLUDE_SOURCE;
				MTL_FAST_MATH = YES;
				ONLY_ACTIVE_ARCH = YES;
				SDKROOT = iphoneos;
				SWIFT_ACTIVE_COMPILATION_CONDITIONS = DEBUG;
				SWIFT_OPTIMIZATION_LEVEL = "-Onone";
			};
			name = Debug;
		};
		A2AFB28228766D250091C123 /* Release */ = {
			isa = XCBuildConfiguration;
			buildSettings = {
				ALWAYS_SEARCH_USER_PATHS = NO;
				CLANG_ANALYZER_NONNULL = YES;
				CLANG_ANALYZER_NUMBER_OBJECT_CONVERSION = YES_AGGRESSIVE;
				CLANG_CXX_LANGUAGE_STANDARD = "gnu++17";
				CLANG_ENABLE_MODULES = YES;
				CLANG_ENABLE_OBJC_ARC = YES;
				CLANG_ENABLE_OBJC_WEAK = YES;
				CLANG_WARN_BLOCK_CAPTURE_AUTORELEASING = YES;
				CLANG_WARN_BOOL_CONVERSION = YES;
				CLANG_WARN_COMMA = YES;
				CLANG_WARN_CONSTANT_CONVERSION = YES;
				CLANG_WARN_DEPRECATED_OBJC_IMPLEMENTATIONS = YES;
				CLANG_WARN_DIRECT_OBJC_ISA_USAGE = YES_ERROR;
				CLANG_WARN_DOCUMENTATION_COMMENTS = YES;
				CLANG_WARN_EMPTY_BODY = YES;
				CLANG_WARN_ENUM_CONVERSION = YES;
				CLANG_WARN_INFINITE_RECURSION = YES;
				CLANG_WARN_INT_CONVERSION = YES;
				CLANG_WARN_NON_LITERAL_NULL_CONVERSION = YES;
				CLANG_WARN_OBJC_IMPLICIT_RETAIN_SELF = YES;
				CLANG_WARN_OBJC_LITERAL_CONVERSION = YES;
				CLANG_WARN_OBJC_ROOT_CLASS = YES_ERROR;
				CLANG_WARN_QUOTED_INCLUDE_IN_FRAMEWORK_HEADER = YES;
				CLANG_WARN_RANGE_LOOP_ANALYSIS = YES;
				CLANG_WARN_STRICT_PROTOTYPES = YES;
				CLANG_WARN_SUSPICIOUS_MOVE = YES;
				CLANG_WARN_UNGUARDED_AVAILABILITY = YES_AGGRESSIVE;
				CLANG_WARN_UNREACHABLE_CODE = YES;
				CLANG_WARN__DUPLICATE_METHOD_MATCH = YES;
				COPY_PHASE_STRIP = NO;
				DEBUG_INFORMATION_FORMAT = "dwarf-with-dsym";
				ENABLE_NS_ASSERTIONS = NO;
				ENABLE_STRICT_OBJC_MSGSEND = YES;
				GCC_C_LANGUAGE_STANDARD = gnu11;
				GCC_NO_COMMON_BLOCKS = YES;
				GCC_WARN_64_TO_32_BIT_CONVERSION = YES;
				GCC_WARN_ABOUT_RETURN_TYPE = YES_ERROR;
				GCC_WARN_UNDECLARED_SELECTOR = YES;
				GCC_WARN_UNINITIALIZED_AUTOS = YES_AGGRESSIVE;
				GCC_WARN_UNUSED_FUNCTION = YES;
				GCC_WARN_UNUSED_VARIABLE = YES;
				IPHONEOS_DEPLOYMENT_TARGET = 15.5;
				MTL_ENABLE_DEBUG_INFO = NO;
				MTL_FAST_MATH = YES;
				SDKROOT = iphoneos;
				SWIFT_COMPILATION_MODE = wholemodule;
				SWIFT_OPTIMIZATION_LEVEL = "-O";
				VALIDATE_PRODUCT = YES;
			};
			name = Release;
		};
		A2AFB28428766D250091C123 /* Debug */ = {
			isa = XCBuildConfiguration;
			baseConfigurationReference = E8189617B6DC14A1A0F96365 /* Pods-Techl.debug.xcconfig */;
			buildSettings = {
				ASSETCATALOG_COMPILER_APPICON_NAME = AppIcon;
				ASSETCATALOG_COMPILER_GLOBAL_ACCENT_COLOR_NAME = AccentColor;
				CODE_SIGN_STYLE = Automatic;
				CURRENT_PROJECT_VERSION = 1;
				DEVELOPMENT_TEAM = F7B353LPM3;
				GENERATE_INFOPLIST_FILE = YES;
				INFOPLIST_FILE = Techl/Info.plist;
				INFOPLIST_KEY_UIApplicationSupportsIndirectInputEvents = YES;
				INFOPLIST_KEY_UILaunchStoryboardName = LaunchScreen;
				INFOPLIST_KEY_UIMainStoryboardFile = Main;
				INFOPLIST_KEY_UISupportedInterfaceOrientations_iPad = "UIInterfaceOrientationPortrait UIInterfaceOrientationPortraitUpsideDown UIInterfaceOrientationLandscapeLeft UIInterfaceOrientationLandscapeRight";
				INFOPLIST_KEY_UISupportedInterfaceOrientations_iPhone = "UIInterfaceOrientationPortrait UIInterfaceOrientationLandscapeLeft UIInterfaceOrientationLandscapeRight";
				IPHONEOS_DEPLOYMENT_TARGET = 13.0;
				LD_RUNPATH_SEARCH_PATHS = (
					"$(inherited)",
					"@executable_path/Frameworks",
				);
				MARKETING_VERSION = 1.0;
				PRODUCT_BUNDLE_IDENTIFIER = com.kimdee.Techl;
				PRODUCT_NAME = "$(TARGET_NAME)";
				SWIFT_EMIT_LOC_STRINGS = YES;
				SWIFT_VERSION = 5.0;
				TARGETED_DEVICE_FAMILY = 1;
			};
			name = Debug;
		};
		A2AFB28528766D250091C123 /* Release */ = {
			isa = XCBuildConfiguration;
			baseConfigurationReference = FB279C66960B5F4E0934E49F /* Pods-Techl.release.xcconfig */;
			buildSettings = {
				ASSETCATALOG_COMPILER_APPICON_NAME = AppIcon;
				ASSETCATALOG_COMPILER_GLOBAL_ACCENT_COLOR_NAME = AccentColor;
				CODE_SIGN_STYLE = Automatic;
				CURRENT_PROJECT_VERSION = 1;
				DEVELOPMENT_TEAM = F7B353LPM3;
				GENERATE_INFOPLIST_FILE = YES;
				INFOPLIST_FILE = Techl/Info.plist;
				INFOPLIST_KEY_UIApplicationSupportsIndirectInputEvents = YES;
				INFOPLIST_KEY_UILaunchStoryboardName = LaunchScreen;
				INFOPLIST_KEY_UIMainStoryboardFile = Main;
				INFOPLIST_KEY_UISupportedInterfaceOrientations_iPad = "UIInterfaceOrientationPortrait UIInterfaceOrientationPortraitUpsideDown UIInterfaceOrientationLandscapeLeft UIInterfaceOrientationLandscapeRight";
				INFOPLIST_KEY_UISupportedInterfaceOrientations_iPhone = "UIInterfaceOrientationPortrait UIInterfaceOrientationLandscapeLeft UIInterfaceOrientationLandscapeRight";
				IPHONEOS_DEPLOYMENT_TARGET = 13.0;
				LD_RUNPATH_SEARCH_PATHS = (
					"$(inherited)",
					"@executable_path/Frameworks",
				);
				MARKETING_VERSION = 1.0;
				PRODUCT_BUNDLE_IDENTIFIER = com.kimdee.Techl;
				PRODUCT_NAME = "$(TARGET_NAME)";
				SWIFT_EMIT_LOC_STRINGS = YES;
				SWIFT_VERSION = 5.0;
				TARGETED_DEVICE_FAMILY = 1;
			};
			name = Release;
		};
/* End XCBuildConfiguration section */

/* Begin XCConfigurationList section */
		A2AFB26A28766D240091C123 /* Build configuration list for PBXProject "Techl" */ = {
			isa = XCConfigurationList;
			buildConfigurations = (
				A2AFB28128766D250091C123 /* Debug */,
				A2AFB28228766D250091C123 /* Release */,
			);
			defaultConfigurationIsVisible = 0;
			defaultConfigurationName = Release;
		};
		A2AFB28328766D250091C123 /* Build configuration list for PBXNativeTarget "Techl" */ = {
			isa = XCConfigurationList;
			buildConfigurations = (
				A2AFB28428766D250091C123 /* Debug */,
				A2AFB28528766D250091C123 /* Release */,
			);
			defaultConfigurationIsVisible = 0;
			defaultConfigurationName = Release;
		};
/* End XCConfigurationList section */

/* Begin XCRemoteSwiftPackageReference section */
		A243F0EB287FAE0A00E46AE4 /* XCRemoteSwiftPackageReference "kakao-ios-sdk" */ = {
			isa = XCRemoteSwiftPackageReference;
			repositoryURL = "https://github.com/kakao/kakao-ios-sdk";
			requirement = {
				branch = master;
				kind = branch;
			};
		};
/* End XCRemoteSwiftPackageReference section */

/* Begin XCSwiftPackageProductDependency section */
		A243F0EC287FAE0A00E46AE4 /* KakaoSDK */ = {
			isa = XCSwiftPackageProductDependency;
			package = A243F0EB287FAE0A00E46AE4 /* XCRemoteSwiftPackageReference "kakao-ios-sdk" */;
			productName = KakaoSDK;
		};
		A243F0EE287FAE0A00E46AE4 /* KakaoSDKAuth */ = {
			isa = XCSwiftPackageProductDependency;
			package = A243F0EB287FAE0A00E46AE4 /* XCRemoteSwiftPackageReference "kakao-ios-sdk" */;
			productName = KakaoSDKAuth;
		};
		A243F0F0287FAE0A00E46AE4 /* KakaoSDKCommon */ = {
			isa = XCSwiftPackageProductDependency;
			package = A243F0EB287FAE0A00E46AE4 /* XCRemoteSwiftPackageReference "kakao-ios-sdk" */;
			productName = KakaoSDKCommon;
		};
		A243F0F2287FAE0A00E46AE4 /* KakaoSDKCommonCore */ = {
			isa = XCSwiftPackageProductDependency;
			package = A243F0EB287FAE0A00E46AE4 /* XCRemoteSwiftPackageReference "kakao-ios-sdk" */;
			productName = KakaoSDKCommonCore;
		};
		A243F0F4287FAE0A00E46AE4 /* KakaoSDKNavi */ = {
			isa = XCSwiftPackageProductDependency;
			package = A243F0EB287FAE0A00E46AE4 /* XCRemoteSwiftPackageReference "kakao-ios-sdk" */;
			productName = KakaoSDKNavi;
		};
		A243F0F6287FAE0A00E46AE4 /* KakaoSDKShare */ = {
			isa = XCSwiftPackageProductDependency;
			package = A243F0EB287FAE0A00E46AE4 /* XCRemoteSwiftPackageReference "kakao-ios-sdk" */;
			productName = KakaoSDKShare;
		};
		A243F0F8287FAE0A00E46AE4 /* KakaoSDKStory */ = {
			isa = XCSwiftPackageProductDependency;
			package = A243F0EB287FAE0A00E46AE4 /* XCRemoteSwiftPackageReference "kakao-ios-sdk" */;
			productName = KakaoSDKStory;
		};
		A243F0FA287FAE0A00E46AE4 /* KakaoSDKTalk */ = {
			isa = XCSwiftPackageProductDependency;
			package = A243F0EB287FAE0A00E46AE4 /* XCRemoteSwiftPackageReference "kakao-ios-sdk" */;
			productName = KakaoSDKTalk;
		};
		A243F0FC287FAE0A00E46AE4 /* KakaoSDKTemplate */ = {
			isa = XCSwiftPackageProductDependency;
			package = A243F0EB287FAE0A00E46AE4 /* XCRemoteSwiftPackageReference "kakao-ios-sdk" */;
			productName = KakaoSDKTemplate;
		};
		A243F0FE287FAE0A00E46AE4 /* KakaoSDKUser */ = {
			isa = XCSwiftPackageProductDependency;
			package = A243F0EB287FAE0A00E46AE4 /* XCRemoteSwiftPackageReference "kakao-ios-sdk" */;
			productName = KakaoSDKUser;
		};
/* End XCSwiftPackageProductDependency section */
	};
	rootObject = A2AFB26728766D240091C123 /* Project object */;
}
