// !$*UTF8*$!
{
	archiveVersion = 1;
	classes = {
	};
	objectVersion = 55;
	objects = {

/* Begin PBXBuildFile section */
		6BC792FE6EDDE9663D08A231 /* Pods_Techl.framework in Frameworks */ = {isa = PBXBuildFile; fileRef = CC52AF2B4CA789A8688A12D4 /* Pods_Techl.framework */; };
		A21BB1E6289275D600B3F325 /* NXMLSearchCollectionReusableView.swift in Sources */ = {isa = PBXBuildFile; fileRef = A21BB1E5289275D600B3F325 /* NXMLSearchCollectionReusableView.swift */; };
		A2429B8A288E657A003E3573 /* HomeViewController.swift in Sources */ = {isa = PBXBuildFile; fileRef = A2429B89288E657A003E3573 /* HomeViewController.swift */; };
		A2429B8C288E65A6003E3573 /* HomeBannerCollectionViewCell.swift in Sources */ = {isa = PBXBuildFile; fileRef = A2429B8B288E65A6003E3573 /* HomeBannerCollectionViewCell.swift */; };
		A2429B8E288E65F9003E3573 /* BookListCollectionViewCell.swift in Sources */ = {isa = PBXBuildFile; fileRef = A2429B8D288E65F9003E3573 /* BookListCollectionViewCell.swift */; };
		A2429B90288E697B003E3573 /* BookListHeaderCollectionReusableView.swift in Sources */ = {isa = PBXBuildFile; fileRef = A2429B8F288E697B003E3573 /* BookListHeaderCollectionReusableView.swift */; };
		A2429B92288E6F04003E3573 /* ForumViewController.swift in Sources */ = {isa = PBXBuildFile; fileRef = A2429B91288E6F04003E3573 /* ForumViewController.swift */; };
		A2429B94288E6F36003E3573 /* ForumListCollectionViewCell.swift in Sources */ = {isa = PBXBuildFile; fileRef = A2429B93288E6F36003E3573 /* ForumListCollectionViewCell.swift */; };
		A243F10A287FB19400E46AE4 /* Search.storyboard in Resources */ = {isa = PBXBuildFile; fileRef = A243F109287FB19400E46AE4 /* Search.storyboard */; };
		A2442EF7289547E70001ED62 /* Banner.swift in Sources */ = {isa = PBXBuildFile; fileRef = A2442EF6289547E70001ED62 /* Banner.swift */; };
		A246BFB52896732700BE564C /* Main.storyboard in Resources */ = {isa = PBXBuildFile; fileRef = A246BFB32896719400BE564C /* Main.storyboard */; };
		A246BFB62896732700BE564C /* Home.storyboard in Resources */ = {isa = PBXBuildFile; fileRef = A2AFB27828766D240091C123 /* Home.storyboard */; };
		A246BFB92896737000BE564C /* Alamofire in Frameworks */ = {isa = PBXBuildFile; productRef = A246BFB82896737000BE564C /* Alamofire */; };
		A246BFBB2896827000BE564C /* ClubListCollectionViewCell.swift in Sources */ = {isa = PBXBuildFile; fileRef = A246BFBA2896827000BE564C /* ClubListCollectionViewCell.swift */; };
		A246BFBD2896A7EE00BE564C /* BookDetailViewController.swift in Sources */ = {isa = PBXBuildFile; fileRef = A246BFBC2896A7EE00BE564C /* BookDetailViewController.swift */; };
		A246BFC02896A99C00BE564C /* Club.storyboard in Resources */ = {isa = PBXBuildFile; fileRef = A246BFBF2896A99C00BE564C /* Club.storyboard */; };
		A246BFC22896A9DE00BE564C /* Forum.storyboard in Resources */ = {isa = PBXBuildFile; fileRef = A246BFC12896A9DE00BE564C /* Forum.storyboard */; };
		A246BFC52896AA1000BE564C /* MyPage.storyboard in Resources */ = {isa = PBXBuildFile; fileRef = A246BFC42896AA1000BE564C /* MyPage.storyboard */; };
		A246BFC72896AB8500BE564C /* BannerDetailViewController.swift in Sources */ = {isa = PBXBuildFile; fileRef = A246BFC62896AB8500BE564C /* BannerDetailViewController.swift */; };
		A246BFD22896C43100BE564C /* Documents.swift in Sources */ = {isa = PBXBuildFile; fileRef = A246BFD12896C43100BE564C /* Documents.swift */; };
		A2595382288300300065791E /* TextFieldEffects in Frameworks */ = {isa = PBXBuildFile; productRef = A2595381288300300065791E /* TextFieldEffects */; };
		A269EB1928986F4C00C03DDB /* UIViewController+Extension.swift in Sources */ = {isa = PBXBuildFile; fileRef = A269EB1828986F4C00C03DDB /* UIViewController+Extension.swift */; };
		A2AFB27328766D240091C123 /* AppDelegate.swift in Sources */ = {isa = PBXBuildFile; fileRef = A2AFB27228766D240091C123 /* AppDelegate.swift */; };
		A2AFB27528766D240091C123 /* SceneDelegate.swift in Sources */ = {isa = PBXBuildFile; fileRef = A2AFB27428766D240091C123 /* SceneDelegate.swift */; };
		A2AFB27C28766D250091C123 /* Assets.xcassets in Resources */ = {isa = PBXBuildFile; fileRef = A2AFB27B28766D250091C123 /* Assets.xcassets */; };
		A2AFB27F28766D250091C123 /* LaunchScreen.storyboard in Resources */ = {isa = PBXBuildFile; fileRef = A2AFB27D28766D250091C123 /* LaunchScreen.storyboard */; };
		A2AFB28728766DB10091C123 /* Authentication.storyboard in Resources */ = {isa = PBXBuildFile; fileRef = A2AFB28628766DB10091C123 /* Authentication.storyboard */; };
		A2AFB28928766E620091C123 /* Onboarding.storyboard in Resources */ = {isa = PBXBuildFile; fileRef = A2AFB28828766E620091C123 /* Onboarding.storyboard */; };
		A2D5501628903497000436FC /* NXMLSearchViewController.swift in Sources */ = {isa = PBXBuildFile; fileRef = A2D5501528903497000436FC /* NXMLSearchViewController.swift */; };
		A2D5501828903F91000436FC /* NXMLBookSearchResult.swift in Sources */ = {isa = PBXBuildFile; fileRef = A2D5501728903F91000436FC /* NXMLBookSearchResult.swift */; };
		A2D5501A28903FF1000436FC /* NXMLSearchCollectionViewCell.swift in Sources */ = {isa = PBXBuildFile; fileRef = A2D5501928903FF1000436FC /* NXMLSearchCollectionViewCell.swift */; };
		A2D84333287F8EA1007BFF73 /* (null) in Embed Frameworks */ = {isa = PBXBuildFile; settings = {ATTRIBUTES = (CodeSignOnCopy, RemoveHeadersOnCopy, ); }; };
		A2EF180F287AB90F002C7D5E /* Keys.swift in Sources */ = {isa = PBXBuildFile; fileRef = A2EF180E287AB90F002C7D5E /* Keys.swift */; };
		A2F5023F28986B8600352BFB /* UIColor+Extension.swift in Sources */ = {isa = PBXBuildFile; fileRef = A2F5023E28986B8600352BFB /* UIColor+Extension.swift */; };
/* End PBXBuildFile section */

/* Begin PBXCopyFilesBuildPhase section */
		A2D84334287F8EA1007BFF73 /* Embed Frameworks */ = {
			isa = PBXCopyFilesBuildPhase;
			buildActionMask = 2147483647;
			dstPath = "";
			dstSubfolderSpec = 10;
			files = (
				A2D84333287F8EA1007BFF73 /* (null) in Embed Frameworks */,
			);
			name = "Embed Frameworks";
			runOnlyForDeploymentPostprocessing = 0;
		};
/* End PBXCopyFilesBuildPhase section */

/* Begin PBXFileReference section */
		A21BB1E5289275D600B3F325 /* NXMLSearchCollectionReusableView.swift */ = {isa = PBXFileReference; lastKnownFileType = sourcecode.swift; path = NXMLSearchCollectionReusableView.swift; sourceTree = "<group>"; };
		A2429B89288E657A003E3573 /* HomeViewController.swift */ = {isa = PBXFileReference; lastKnownFileType = sourcecode.swift; path = HomeViewController.swift; sourceTree = "<group>"; };
		A2429B8B288E65A6003E3573 /* HomeBannerCollectionViewCell.swift */ = {isa = PBXFileReference; lastKnownFileType = sourcecode.swift; path = HomeBannerCollectionViewCell.swift; sourceTree = "<group>"; };
		A2429B8D288E65F9003E3573 /* BookListCollectionViewCell.swift */ = {isa = PBXFileReference; lastKnownFileType = sourcecode.swift; path = BookListCollectionViewCell.swift; sourceTree = "<group>"; };
		A2429B8F288E697B003E3573 /* BookListHeaderCollectionReusableView.swift */ = {isa = PBXFileReference; lastKnownFileType = sourcecode.swift; path = BookListHeaderCollectionReusableView.swift; sourceTree = "<group>"; };
		A2429B91288E6F04003E3573 /* ForumViewController.swift */ = {isa = PBXFileReference; lastKnownFileType = sourcecode.swift; path = ForumViewController.swift; sourceTree = "<group>"; };
		A2429B93288E6F36003E3573 /* ForumListCollectionViewCell.swift */ = {isa = PBXFileReference; lastKnownFileType = sourcecode.swift; path = ForumListCollectionViewCell.swift; sourceTree = "<group>"; };
		A243F109287FB19400E46AE4 /* Search.storyboard */ = {isa = PBXFileReference; lastKnownFileType = file.storyboard; path = Search.storyboard; sourceTree = "<group>"; };
		A2442EF6289547E70001ED62 /* Banner.swift */ = {isa = PBXFileReference; lastKnownFileType = sourcecode.swift; path = Banner.swift; sourceTree = "<group>"; };
		A246BFB32896719400BE564C /* Main.storyboard */ = {isa = PBXFileReference; lastKnownFileType = file.storyboard; path = Main.storyboard; sourceTree = "<group>"; };
		A246BFBA2896827000BE564C /* ClubListCollectionViewCell.swift */ = {isa = PBXFileReference; lastKnownFileType = sourcecode.swift; path = ClubListCollectionViewCell.swift; sourceTree = "<group>"; };
		A246BFBC2896A7EE00BE564C /* BookDetailViewController.swift */ = {isa = PBXFileReference; lastKnownFileType = sourcecode.swift; path = BookDetailViewController.swift; sourceTree = "<group>"; };
		A246BFBF2896A99C00BE564C /* Club.storyboard */ = {isa = PBXFileReference; lastKnownFileType = file.storyboard; path = Club.storyboard; sourceTree = "<group>"; };
		A246BFC12896A9DE00BE564C /* Forum.storyboard */ = {isa = PBXFileReference; lastKnownFileType = file.storyboard; path = Forum.storyboard; sourceTree = "<group>"; };
		A246BFC42896AA1000BE564C /* MyPage.storyboard */ = {isa = PBXFileReference; lastKnownFileType = file.storyboard; path = MyPage.storyboard; sourceTree = "<group>"; };
		A246BFC62896AB8500BE564C /* BannerDetailViewController.swift */ = {isa = PBXFileReference; lastKnownFileType = sourcecode.swift; path = BannerDetailViewController.swift; sourceTree = "<group>"; };
		A246BFD12896C43100BE564C /* Documents.swift */ = {isa = PBXFileReference; lastKnownFileType = sourcecode.swift; path = Documents.swift; sourceTree = "<group>"; };
		A269EB1828986F4C00C03DDB /* UIViewController+Extension.swift */ = {isa = PBXFileReference; lastKnownFileType = sourcecode.swift; path = "UIViewController+Extension.swift"; sourceTree = "<group>"; };
		A2AFB26F28766D240091C123 /* Techl.app */ = {isa = PBXFileReference; explicitFileType = wrapper.application; includeInIndex = 0; path = Techl.app; sourceTree = BUILT_PRODUCTS_DIR; };
		A2AFB27228766D240091C123 /* AppDelegate.swift */ = {isa = PBXFileReference; lastKnownFileType = sourcecode.swift; path = AppDelegate.swift; sourceTree = "<group>"; };
		A2AFB27428766D240091C123 /* SceneDelegate.swift */ = {isa = PBXFileReference; lastKnownFileType = sourcecode.swift; path = SceneDelegate.swift; sourceTree = "<group>"; };
		A2AFB27928766D240091C123 /* Base */ = {isa = PBXFileReference; lastKnownFileType = file.storyboard; name = Base; path = Base.lproj/Home.storyboard; sourceTree = "<group>"; };
		A2AFB27B28766D250091C123 /* Assets.xcassets */ = {isa = PBXFileReference; lastKnownFileType = folder.assetcatalog; path = Assets.xcassets; sourceTree = "<group>"; };
		A2AFB27E28766D250091C123 /* Base */ = {isa = PBXFileReference; lastKnownFileType = file.storyboard; name = Base; path = Base.lproj/LaunchScreen.storyboard; sourceTree = "<group>"; };
		A2AFB28028766D250091C123 /* Info.plist */ = {isa = PBXFileReference; lastKnownFileType = text.plist.xml; path = Info.plist; sourceTree = "<group>"; };
		A2AFB28628766DB10091C123 /* Authentication.storyboard */ = {isa = PBXFileReference; lastKnownFileType = file.storyboard; path = Authentication.storyboard; sourceTree = "<group>"; };
		A2AFB28828766E620091C123 /* Onboarding.storyboard */ = {isa = PBXFileReference; lastKnownFileType = file.storyboard; path = Onboarding.storyboard; sourceTree = "<group>"; };
		A2D5501528903497000436FC /* NXMLSearchViewController.swift */ = {isa = PBXFileReference; lastKnownFileType = sourcecode.swift; path = NXMLSearchViewController.swift; sourceTree = "<group>"; };
		A2D5501728903F91000436FC /* NXMLBookSearchResult.swift */ = {isa = PBXFileReference; lastKnownFileType = sourcecode.swift; path = NXMLBookSearchResult.swift; sourceTree = "<group>"; };
		A2D5501928903FF1000436FC /* NXMLSearchCollectionViewCell.swift */ = {isa = PBXFileReference; lastKnownFileType = sourcecode.swift; path = NXMLSearchCollectionViewCell.swift; sourceTree = "<group>"; };
		A2EF180E287AB90F002C7D5E /* Keys.swift */ = {isa = PBXFileReference; lastKnownFileType = sourcecode.swift; path = Keys.swift; sourceTree = "<group>"; };
		A2F5023E28986B8600352BFB /* UIColor+Extension.swift */ = {isa = PBXFileReference; lastKnownFileType = sourcecode.swift; path = "UIColor+Extension.swift"; sourceTree = "<group>"; };
		CC52AF2B4CA789A8688A12D4 /* Pods_Techl.framework */ = {isa = PBXFileReference; explicitFileType = wrapper.framework; includeInIndex = 0; path = Pods_Techl.framework; sourceTree = BUILT_PRODUCTS_DIR; };
		E8189617B6DC14A1A0F96365 /* Pods-Techl.debug.xcconfig */ = {isa = PBXFileReference; includeInIndex = 1; lastKnownFileType = text.xcconfig; name = "Pods-Techl.debug.xcconfig"; path = "Target Support Files/Pods-Techl/Pods-Techl.debug.xcconfig"; sourceTree = "<group>"; };
		FB279C66960B5F4E0934E49F /* Pods-Techl.release.xcconfig */ = {isa = PBXFileReference; includeInIndex = 1; lastKnownFileType = text.xcconfig; name = "Pods-Techl.release.xcconfig"; path = "Target Support Files/Pods-Techl/Pods-Techl.release.xcconfig"; sourceTree = "<group>"; };
/* End PBXFileReference section */

/* Begin PBXFrameworksBuildPhase section */
		A2AFB26C28766D240091C123 /* Frameworks */ = {
			isa = PBXFrameworksBuildPhase;
			buildActionMask = 2147483647;
			files = (
				A246BFB92896737000BE564C /* Alamofire in Frameworks */,
				6BC792FE6EDDE9663D08A231 /* Pods_Techl.framework in Frameworks */,
				A2595382288300300065791E /* TextFieldEffects in Frameworks */,
			);
			runOnlyForDeploymentPostprocessing = 0;
		};
/* End PBXFrameworksBuildPhase section */

/* Begin PBXGroup section */
		426CEC05A7E9551519090A9A /* Pods */ = {
			isa = PBXGroup;
			children = (
				E8189617B6DC14A1A0F96365 /* Pods-Techl.debug.xcconfig */,
				FB279C66960B5F4E0934E49F /* Pods-Techl.release.xcconfig */,
			);
			path = Pods;
			sourceTree = "<group>";
		};
		A2442EF8289549410001ED62 /* Data */ = {
			isa = PBXGroup;
			children = (
				A2442EF6289547E70001ED62 /* Banner.swift */,
				A246BFD12896C43100BE564C /* Documents.swift */,
			);
			path = Data;
			sourceTree = "<group>";
		};
		A2442EF928954B410001ED62 /* Authentication */ = {
			isa = PBXGroup;
			children = (
				A2AFB28628766DB10091C123 /* Authentication.storyboard */,
			);
			path = Authentication;
			sourceTree = "<group>";
		};
		A2442EFA28954B490001ED62 /* Onboarding */ = {
			isa = PBXGroup;
			children = (
				A2AFB27D28766D250091C123 /* LaunchScreen.storyboard */,
				A2AFB28828766E620091C123 /* Onboarding.storyboard */,
			);
			path = Onboarding;
			sourceTree = "<group>";
		};
		A246BFBE2896A98500BE564C /* Club */ = {
			isa = PBXGroup;
			children = (
				A246BFBF2896A99C00BE564C /* Club.storyboard */,
			);
			path = Club;
			sourceTree = "<group>";
		};
		A246BFC32896A9FB00BE564C /* MyPage */ = {
			isa = PBXGroup;
			children = (
				A246BFC42896AA1000BE564C /* MyPage.storyboard */,
			);
			path = MyPage;
			sourceTree = "<group>";
		};
		A269EB1728986CD200C03DDB /* Supports */ = {
			isa = PBXGroup;
			children = (
				A2AFB28028766D250091C123 /* Info.plist */,
			);
			path = Supports;
			sourceTree = "<group>";
		};
		A2AFB26628766D240091C123 = {
			isa = PBXGroup;
			children = (
				A2AFB27128766D240091C123 /* Techl */,
				A2AFB27028766D240091C123 /* Products */,
				426CEC05A7E9551519090A9A /* Pods */,
				E8E0E6FF0D54EE7391D7B982 /* Frameworks */,
			);
			sourceTree = "<group>";
		};
		A2AFB27028766D240091C123 /* Products */ = {
			isa = PBXGroup;
			children = (
				A2AFB26F28766D240091C123 /* Techl.app */,
			);
			name = Products;
			sourceTree = "<group>";
		};
		A2AFB27128766D240091C123 /* Techl */ = {
			isa = PBXGroup;
			children = (
				A2D5501028903064000436FC /* App */,
				A2F5024128986C0900352BFB /* Network */,
				A2F5024428986C8000352BFB /* Sources */,
				A2F5023D28986B6500352BFB /* Utils */,
				A2F5024028986BF300352BFB /* Resources */,
				A269EB1728986CD200C03DDB /* Supports */,
			);
			path = Techl;
			sourceTree = "<group>";
		};
		A2D5501028903064000436FC /* App */ = {
			isa = PBXGroup;
			children = (
				A2AFB27228766D240091C123 /* AppDelegate.swift */,
				A2AFB27428766D240091C123 /* SceneDelegate.swift */,
			);
			path = App;
			sourceTree = "<group>";
		};
		A2D55011289030AC000436FC /* Search */ = {
			isa = PBXGroup;
			children = (
				A243F109287FB19400E46AE4 /* Search.storyboard */,
				A246BFBC2896A7EE00BE564C /* BookDetailViewController.swift */,
				A2D55014289030D0000436FC /* NaverXMLSearch */,
			);
			path = Search;
			sourceTree = "<group>";
		};
		A2D55014289030D0000436FC /* NaverXMLSearch */ = {
			isa = PBXGroup;
			children = (
				A2D5501528903497000436FC /* NXMLSearchViewController.swift */,
				A2D5501728903F91000436FC /* NXMLBookSearchResult.swift */,
				A21BB1E5289275D600B3F325 /* NXMLSearchCollectionReusableView.swift */,
				A2D5501928903FF1000436FC /* NXMLSearchCollectionViewCell.swift */,
			);
			path = NaverXMLSearch;
			sourceTree = "<group>";
		};
		A2D5501B28904108000436FC /* Home */ = {
			isa = PBXGroup;
			children = (
				A2AFB27828766D240091C123 /* Home.storyboard */,
				A246BFC62896AB8500BE564C /* BannerDetailViewController.swift */,
				A246BFBA2896827000BE564C /* ClubListCollectionViewCell.swift */,
				A2429B8D288E65F9003E3573 /* BookListCollectionViewCell.swift */,
				A2429B8F288E697B003E3573 /* BookListHeaderCollectionReusableView.swift */,
				A2429B8B288E65A6003E3573 /* HomeBannerCollectionViewCell.swift */,
				A2429B89288E657A003E3573 /* HomeViewController.swift */,
			);
			path = Home;
			sourceTree = "<group>";
		};
		A2D5501C2890410F000436FC /* Forum */ = {
			isa = PBXGroup;
			children = (
				A246BFC12896A9DE00BE564C /* Forum.storyboard */,
				A2429B93288E6F36003E3573 /* ForumListCollectionViewCell.swift */,
				A2429B91288E6F04003E3573 /* ForumViewController.swift */,
			);
			path = Forum;
			sourceTree = "<group>";
		};
		A2F5023B28986AEC00352BFB /* Main */ = {
			isa = PBXGroup;
			children = (
				A246BFB32896719400BE564C /* Main.storyboard */,
			);
			path = Main;
			sourceTree = "<group>";
		};
		A2F5023C28986B4700352BFB /* Extensions */ = {
			isa = PBXGroup;
			children = (
				A2F5023E28986B8600352BFB /* UIColor+Extension.swift */,
				A269EB1828986F4C00C03DDB /* UIViewController+Extension.swift */,
			);
			path = Extensions;
			sourceTree = "<group>";
		};
		A2F5023D28986B6500352BFB /* Utils */ = {
			isa = PBXGroup;
			children = (
				A2F5023C28986B4700352BFB /* Extensions */,
				A2442EF8289549410001ED62 /* Data */,
			);
			path = Utils;
			sourceTree = "<group>";
		};
		A2F5024028986BF300352BFB /* Resources */ = {
			isa = PBXGroup;
			children = (
				A2F5024328986C2F00352BFB /* Lottie */,
				A2F5024228986C2900352BFB /* Fonts */,
				A2AFB27B28766D250091C123 /* Assets.xcassets */,
			);
			path = Resources;
			sourceTree = "<group>";
		};
		A2F5024128986C0900352BFB /* Network */ = {
			isa = PBXGroup;
			children = (
				A2EF180E287AB90F002C7D5E /* Keys.swift */,
			);
			path = Network;
			sourceTree = "<group>";
		};
		A2F5024228986C2900352BFB /* Fonts */ = {
			isa = PBXGroup;
			children = (
			);
			path = Fonts;
			sourceTree = "<group>";
		};
		A2F5024328986C2F00352BFB /* Lottie */ = {
			isa = PBXGroup;
			children = (
			);
			path = Lottie;
			sourceTree = "<group>";
		};
		A2F5024428986C8000352BFB /* Sources */ = {
			isa = PBXGroup;
			children = (
				A2442EFA28954B490001ED62 /* Onboarding */,
				A2442EF928954B410001ED62 /* Authentication */,
				A2F5023B28986AEC00352BFB /* Main */,
				A2D5501C2890410F000436FC /* Forum */,
				A246BFBE2896A98500BE564C /* Club */,
				A2D5501B28904108000436FC /* Home */,
				A2D55011289030AC000436FC /* Search */,
				A246BFC32896A9FB00BE564C /* MyPage */,
			);
			path = Sources;
			sourceTree = "<group>";
		};
		E8E0E6FF0D54EE7391D7B982 /* Frameworks */ = {
			isa = PBXGroup;
			children = (
				CC52AF2B4CA789A8688A12D4 /* Pods_Techl.framework */,
			);
			name = Frameworks;
			sourceTree = "<group>";
		};
/* End PBXGroup section */

/* Begin PBXNativeTarget section */
		A2AFB26E28766D240091C123 /* Techl */ = {
			isa = PBXNativeTarget;
			buildConfigurationList = A2AFB28328766D250091C123 /* Build configuration list for PBXNativeTarget "Techl" */;
			buildPhases = (
				F54DEAB19B1F96ADA30D2E99 /* [CP] Check Pods Manifest.lock */,
				A2AFB26B28766D240091C123 /* Sources */,
				A2AFB26C28766D240091C123 /* Frameworks */,
				A2AFB26D28766D240091C123 /* Resources */,
				A2D84334287F8EA1007BFF73 /* Embed Frameworks */,
				48965A21F0D27E5BB0406F9D /* [CP] Embed Pods Frameworks */,
			);
			buildRules = (
			);
			dependencies = (
			);
			name = Techl;
			packageProductDependencies = (
				A2595381288300300065791E /* TextFieldEffects */,
				A246BFB82896737000BE564C /* Alamofire */,
			);
			productName = Techl;
			productReference = A2AFB26F28766D240091C123 /* Techl.app */;
			productType = "com.apple.product-type.application";
		};
/* End PBXNativeTarget section */

/* Begin PBXProject section */
		A2AFB26728766D240091C123 /* Project object */ = {
			isa = PBXProject;
			attributes = {
				BuildIndependentTargetsInParallel = 1;
				LastSwiftUpdateCheck = 1340;
				LastUpgradeCheck = 1340;
				TargetAttributes = {
					A2AFB26E28766D240091C123 = {
						CreatedOnToolsVersion = 13.4.1;
					};
				};
			};
			buildConfigurationList = A2AFB26A28766D240091C123 /* Build configuration list for PBXProject "Techl" */;
			compatibilityVersion = "Xcode 13.0";
			developmentRegion = en;
			hasScannedForEncodings = 0;
			knownRegions = (
				en,
				Base,
			);
			mainGroup = A2AFB26628766D240091C123;
			packageReferences = (
				A2595380288300300065791E /* XCRemoteSwiftPackageReference "TextFieldEffects" */,
				A246BFB72896737000BE564C /* XCRemoteSwiftPackageReference "Alamofire" */,
			);
			productRefGroup = A2AFB27028766D240091C123 /* Products */;
			projectDirPath = "";
			projectRoot = "";
			targets = (
				A2AFB26E28766D240091C123 /* Techl */,
			);
		};
/* End PBXProject section */

/* Begin PBXResourcesBuildPhase section */
		A2AFB26D28766D240091C123 /* Resources */ = {
			isa = PBXResourcesBuildPhase;
			buildActionMask = 2147483647;
			files = (
				A246BFB52896732700BE564C /* Main.storyboard in Resources */,
				A246BFC52896AA1000BE564C /* MyPage.storyboard in Resources */,
				A246BFB62896732700BE564C /* Home.storyboard in Resources */,
				A2AFB28728766DB10091C123 /* Authentication.storyboard in Resources */,
				A246BFC22896A9DE00BE564C /* Forum.storyboard in Resources */,
				A2AFB28928766E620091C123 /* Onboarding.storyboard in Resources */,
				A246BFC02896A99C00BE564C /* Club.storyboard in Resources */,
				A2AFB27F28766D250091C123 /* LaunchScreen.storyboard in Resources */,
				A2AFB27C28766D250091C123 /* Assets.xcassets in Resources */,
				A243F10A287FB19400E46AE4 /* Search.storyboard in Resources */,
			);
			runOnlyForDeploymentPostprocessing = 0;
		};
/* End PBXResourcesBuildPhase section */

/* Begin PBXShellScriptBuildPhase section */
		48965A21F0D27E5BB0406F9D /* [CP] Embed Pods Frameworks */ = {
			isa = PBXShellScriptBuildPhase;
			buildActionMask = 2147483647;
			files = (
			);
			inputFileListPaths = (
				"${PODS_ROOT}/Target Support Files/Pods-Techl/Pods-Techl-frameworks-${CONFIGURATION}-input-files.xcfilelist",
			);
			name = "[CP] Embed Pods Frameworks";
			outputFileListPaths = (
				"${PODS_ROOT}/Target Support Files/Pods-Techl/Pods-Techl-frameworks-${CONFIGURATION}-output-files.xcfilelist",
			);
			runOnlyForDeploymentPostprocessing = 0;
			shellPath = /bin/sh;
			shellScript = "\"${PODS_ROOT}/Target Support Files/Pods-Techl/Pods-Techl-frameworks.sh\"\n";
			showEnvVarsInLog = 0;
		};
		F54DEAB19B1F96ADA30D2E99 /* [CP] Check Pods Manifest.lock */ = {
			isa = PBXShellScriptBuildPhase;
			buildActionMask = 2147483647;
			files = (
			);
			inputFileListPaths = (
			);
			inputPaths = (
				"${PODS_PODFILE_DIR_PATH}/Podfile.lock",
				"${PODS_ROOT}/Manifest.lock",
			);
			name = "[CP] Check Pods Manifest.lock";
			outputFileListPaths = (
			);
			outputPaths = (
				"$(DERIVED_FILE_DIR)/Pods-Techl-checkManifestLockResult.txt",
			);
			runOnlyForDeploymentPostprocessing = 0;
			shellPath = /bin/sh;
			shellScript = "diff \"${PODS_PODFILE_DIR_PATH}/Podfile.lock\" \"${PODS_ROOT}/Manifest.lock\" > /dev/null\nif [ $? != 0 ] ; then\n    # print error to STDERR\n    echo \"error: The sandbox is not in sync with the Podfile.lock. Run 'pod install' or update your CocoaPods installation.\" >&2\n    exit 1\nfi\n# This output is used by Xcode 'outputs' to avoid re-running this script phase.\necho \"SUCCESS\" > \"${SCRIPT_OUTPUT_FILE_0}\"\n";
			showEnvVarsInLog = 0;
		};
/* End PBXShellScriptBuildPhase section */

/* Begin PBXSourcesBuildPhase section */
		A2AFB26B28766D240091C123 /* Sources */ = {
			isa = PBXSourcesBuildPhase;
			buildActionMask = 2147483647;
			files = (
				A21BB1E6289275D600B3F325 /* NXMLSearchCollectionReusableView.swift in Sources */,
				A2F5023F28986B8600352BFB /* UIColor+Extension.swift in Sources */,
				A2429B94288E6F36003E3573 /* ForumListCollectionViewCell.swift in Sources */,
				A2D5501828903F91000436FC /* NXMLBookSearchResult.swift in Sources */,
				A2429B8A288E657A003E3573 /* HomeViewController.swift in Sources */,
				A246BFC72896AB8500BE564C /* BannerDetailViewController.swift in Sources */,
				A246BFBB2896827000BE564C /* ClubListCollectionViewCell.swift in Sources */,
				A2D5501A28903FF1000436FC /* NXMLSearchCollectionViewCell.swift in Sources */,
				A269EB1928986F4C00C03DDB /* UIViewController+Extension.swift in Sources */,
				A246BFBD2896A7EE00BE564C /* BookDetailViewController.swift in Sources */,
				A2429B92288E6F04003E3573 /* ForumViewController.swift in Sources */,
				A2429B8E288E65F9003E3573 /* BookListCollectionViewCell.swift in Sources */,
				A2442EF7289547E70001ED62 /* Banner.swift in Sources */,
				A2429B8C288E65A6003E3573 /* HomeBannerCollectionViewCell.swift in Sources */,
				A2AFB27328766D240091C123 /* AppDelegate.swift in Sources */,
				A2AFB27528766D240091C123 /* SceneDelegate.swift in Sources */,
				A2429B90288E697B003E3573 /* BookListHeaderCollectionReusableView.swift in Sources */,
				A2EF180F287AB90F002C7D5E /* Keys.swift in Sources */,
				A246BFD22896C43100BE564C /* Documents.swift in Sources */,
				A2D5501628903497000436FC /* NXMLSearchViewController.swift in Sources */,
			);
			runOnlyForDeploymentPostprocessing = 0;
		};
/* End PBXSourcesBuildPhase section */

/* Begin PBXVariantGroup section */
		A2AFB27828766D240091C123 /* Home.storyboard */ = {
			isa = PBXVariantGroup;
			children = (
				A2AFB27928766D240091C123 /* Base */,
			);
			name = Home.storyboard;
			sourceTree = "<group>";
		};
		A2AFB27D28766D250091C123 /* LaunchScreen.storyboard */ = {
			isa = PBXVariantGroup;
			children = (
				A2AFB27E28766D250091C123 /* Base */,
			);
			name = LaunchScreen.storyboard;
			sourceTree = "<group>";
		};
/* End PBXVariantGroup section */

/* Begin XCBuildConfiguration section */
		A2AFB28128766D250091C123 /* Debug */ = {
			isa = XCBuildConfiguration;
			buildSettings = {
				ALWAYS_SEARCH_USER_PATHS = NO;
				CLANG_ANALYZER_NONNULL = YES;
				CLANG_ANALYZER_NUMBER_OBJECT_CONVERSION = YES_AGGRESSIVE;
				CLANG_CXX_LANGUAGE_STANDARD = "gnu++17";
				CLANG_ENABLE_MODULES = YES;
				CLANG_ENABLE_OBJC_ARC = YES;
				CLANG_ENABLE_OBJC_WEAK = YES;
				CLANG_WARN_BLOCK_CAPTURE_AUTORELEASING = YES;
				CLANG_WARN_BOOL_CONVERSION = YES;
				CLANG_WARN_COMMA = YES;
				CLANG_WARN_CONSTANT_CONVERSION = YES;
				CLANG_WARN_DEPRECATED_OBJC_IMPLEMENTATIONS = YES;
				CLANG_WARN_DIRECT_OBJC_ISA_USAGE = YES_ERROR;
				CLANG_WARN_DOCUMENTATION_COMMENTS = YES;
				CLANG_WARN_EMPTY_BODY = YES;
				CLANG_WARN_ENUM_CONVERSION = YES;
				CLANG_WARN_INFINITE_RECURSION = YES;
				CLANG_WARN_INT_CONVERSION = YES;
				CLANG_WARN_NON_LITERAL_NULL_CONVERSION = YES;
				CLANG_WARN_OBJC_IMPLICIT_RETAIN_SELF = YES;
				CLANG_WARN_OBJC_LITERAL_CONVERSION = YES;
				CLANG_WARN_OBJC_ROOT_CLASS = YES_ERROR;
				CLANG_WARN_QUOTED_INCLUDE_IN_FRAMEWORK_HEADER = YES;
				CLANG_WARN_RANGE_LOOP_ANALYSIS = YES;
				CLANG_WARN_STRICT_PROTOTYPES = YES;
				CLANG_WARN_SUSPICIOUS_MOVE = YES;
				CLANG_WARN_UNGUARDED_AVAILABILITY = YES_AGGRESSIVE;
				CLANG_WARN_UNREACHABLE_CODE = YES;
				CLANG_WARN__DUPLICATE_METHOD_MATCH = YES;
				COPY_PHASE_STRIP = NO;
				DEBUG_INFORMATION_FORMAT = dwarf;
				ENABLE_STRICT_OBJC_MSGSEND = YES;
				ENABLE_TESTABILITY = YES;
				GCC_C_LANGUAGE_STANDARD = gnu11;
				GCC_DYNAMIC_NO_PIC = NO;
				GCC_NO_COMMON_BLOCKS = YES;
				GCC_OPTIMIZATION_LEVEL = 0;
				GCC_PREPROCESSOR_DEFINITIONS = (
					"DEBUG=1",
					"$(inherited)",
				);
				GCC_WARN_64_TO_32_BIT_CONVERSION = YES;
				GCC_WARN_ABOUT_RETURN_TYPE = YES_ERROR;
				GCC_WARN_UNDECLARED_SELECTOR = YES;
				GCC_WARN_UNINITIALIZED_AUTOS = YES_AGGRESSIVE;
				GCC_WARN_UNUSED_FUNCTION = YES;
				GCC_WARN_UNUSED_VARIABLE = YES;
				IPHONEOS_DEPLOYMENT_TARGET = 15.0;
				MTL_ENABLE_DEBUG_INFO = INCLUDE_SOURCE;
				MTL_FAST_MATH = YES;
				ONLY_ACTIVE_ARCH = YES;
				SDKROOT = iphoneos;
				SWIFT_ACTIVE_COMPILATION_CONDITIONS = DEBUG;
				SWIFT_OPTIMIZATION_LEVEL = "-Onone";
			};
			name = Debug;
		};
		A2AFB28228766D250091C123 /* Release */ = {
			isa = XCBuildConfiguration;
			buildSettings = {
				ALWAYS_SEARCH_USER_PATHS = NO;
				CLANG_ANALYZER_NONNULL = YES;
				CLANG_ANALYZER_NUMBER_OBJECT_CONVERSION = YES_AGGRESSIVE;
				CLANG_CXX_LANGUAGE_STANDARD = "gnu++17";
				CLANG_ENABLE_MODULES = YES;
				CLANG_ENABLE_OBJC_ARC = YES;
				CLANG_ENABLE_OBJC_WEAK = YES;
				CLANG_WARN_BLOCK_CAPTURE_AUTORELEASING = YES;
				CLANG_WARN_BOOL_CONVERSION = YES;
				CLANG_WARN_COMMA = YES;
				CLANG_WARN_CONSTANT_CONVERSION = YES;
				CLANG_WARN_DEPRECATED_OBJC_IMPLEMENTATIONS = YES;
				CLANG_WARN_DIRECT_OBJC_ISA_USAGE = YES_ERROR;
				CLANG_WARN_DOCUMENTATION_COMMENTS = YES;
				CLANG_WARN_EMPTY_BODY = YES;
				CLANG_WARN_ENUM_CONVERSION = YES;
				CLANG_WARN_INFINITE_RECURSION = YES;
				CLANG_WARN_INT_CONVERSION = YES;
				CLANG_WARN_NON_LITERAL_NULL_CONVERSION = YES;
				CLANG_WARN_OBJC_IMPLICIT_RETAIN_SELF = YES;
				CLANG_WARN_OBJC_LITERAL_CONVERSION = YES;
				CLANG_WARN_OBJC_ROOT_CLASS = YES_ERROR;
				CLANG_WARN_QUOTED_INCLUDE_IN_FRAMEWORK_HEADER = YES;
				CLANG_WARN_RANGE_LOOP_ANALYSIS = YES;
				CLANG_WARN_STRICT_PROTOTYPES = YES;
				CLANG_WARN_SUSPICIOUS_MOVE = YES;
				CLANG_WARN_UNGUARDED_AVAILABILITY = YES_AGGRESSIVE;
				CLANG_WARN_UNREACHABLE_CODE = YES;
				CLANG_WARN__DUPLICATE_METHOD_MATCH = YES;
				COPY_PHASE_STRIP = NO;
				DEBUG_INFORMATION_FORMAT = "dwarf-with-dsym";
				ENABLE_NS_ASSERTIONS = NO;
				ENABLE_STRICT_OBJC_MSGSEND = YES;
				GCC_C_LANGUAGE_STANDARD = gnu11;
				GCC_NO_COMMON_BLOCKS = YES;
				GCC_WARN_64_TO_32_BIT_CONVERSION = YES;
				GCC_WARN_ABOUT_RETURN_TYPE = YES_ERROR;
				GCC_WARN_UNDECLARED_SELECTOR = YES;
				GCC_WARN_UNINITIALIZED_AUTOS = YES_AGGRESSIVE;
				GCC_WARN_UNUSED_FUNCTION = YES;
				GCC_WARN_UNUSED_VARIABLE = YES;
				IPHONEOS_DEPLOYMENT_TARGET = 15.0;
				MTL_ENABLE_DEBUG_INFO = NO;
				MTL_FAST_MATH = YES;
				SDKROOT = iphoneos;
				SWIFT_COMPILATION_MODE = wholemodule;
				SWIFT_OPTIMIZATION_LEVEL = "-O";
				VALIDATE_PRODUCT = YES;
			};
			name = Release;
		};
		A2AFB28428766D250091C123 /* Debug */ = {
			isa = XCBuildConfiguration;
			baseConfigurationReference = E8189617B6DC14A1A0F96365 /* Pods-Techl.debug.xcconfig */;
			buildSettings = {
				ASSETCATALOG_COMPILER_APPICON_NAME = AppIcon;
				ASSETCATALOG_COMPILER_GLOBAL_ACCENT_COLOR_NAME = AccentColor;
				CODE_SIGN_STYLE = Automatic;
				CURRENT_PROJECT_VERSION = 1;
				DEVELOPMENT_TEAM = F7B353LPM3;
				GENERATE_INFOPLIST_FILE = YES;
				INFOPLIST_FILE = Techl/Supports/Info.plist;
				INFOPLIST_KEY_UIApplicationSupportsIndirectInputEvents = YES;
				INFOPLIST_KEY_UILaunchStoryboardName = LaunchScreen;
				INFOPLIST_KEY_UIMainStoryboardFile = Main;
				INFOPLIST_KEY_UISupportedInterfaceOrientations = UIInterfaceOrientationPortrait;
				INFOPLIST_KEY_UISupportedInterfaceOrientations_iPad = "UIInterfaceOrientationPortrait UIInterfaceOrientationPortraitUpsideDown UIInterfaceOrientationLandscapeLeft UIInterfaceOrientationLandscapeRight";
				INFOPLIST_KEY_UISupportedInterfaceOrientations_iPhone = "UIInterfaceOrientationPortrait UIInterfaceOrientationLandscapeLeft UIInterfaceOrientationLandscapeRight";
				IPHONEOS_DEPLOYMENT_TARGET = 15.0;
				LD_RUNPATH_SEARCH_PATHS = (
					"$(inherited)",
					"@executable_path/Frameworks",
				);
				MARKETING_VERSION = 1.0;
				PRODUCT_BUNDLE_IDENTIFIER = com.kimdee.Techl;
				PRODUCT_NAME = "$(TARGET_NAME)";
				SWIFT_EMIT_LOC_STRINGS = YES;
				SWIFT_VERSION = 5.0;
				TARGETED_DEVICE_FAMILY = 1;
			};
			name = Debug;
		};
		A2AFB28528766D250091C123 /* Release */ = {
			isa = XCBuildConfiguration;
			baseConfigurationReference = FB279C66960B5F4E0934E49F /* Pods-Techl.release.xcconfig */;
			buildSettings = {
				ASSETCATALOG_COMPILER_APPICON_NAME = AppIcon;
				ASSETCATALOG_COMPILER_GLOBAL_ACCENT_COLOR_NAME = AccentColor;
				CODE_SIGN_STYLE = Automatic;
				CURRENT_PROJECT_VERSION = 1;
				DEVELOPMENT_TEAM = F7B353LPM3;
				GENERATE_INFOPLIST_FILE = YES;
				INFOPLIST_FILE = Techl/Supports/Info.plist;
				INFOPLIST_KEY_UIApplicationSupportsIndirectInputEvents = YES;
				INFOPLIST_KEY_UILaunchStoryboardName = LaunchScreen;
				INFOPLIST_KEY_UIMainStoryboardFile = Main;
				INFOPLIST_KEY_UISupportedInterfaceOrientations = UIInterfaceOrientationPortrait;
				INFOPLIST_KEY_UISupportedInterfaceOrientations_iPad = "UIInterfaceOrientationPortrait UIInterfaceOrientationPortraitUpsideDown UIInterfaceOrientationLandscapeLeft UIInterfaceOrientationLandscapeRight";
				INFOPLIST_KEY_UISupportedInterfaceOrientations_iPhone = "UIInterfaceOrientationPortrait UIInterfaceOrientationLandscapeLeft UIInterfaceOrientationLandscapeRight";
				IPHONEOS_DEPLOYMENT_TARGET = 15.0;
				LD_RUNPATH_SEARCH_PATHS = (
					"$(inherited)",
					"@executable_path/Frameworks",
				);
				MARKETING_VERSION = 1.0;
				PRODUCT_BUNDLE_IDENTIFIER = com.kimdee.Techl;
				PRODUCT_NAME = "$(TARGET_NAME)";
				SWIFT_EMIT_LOC_STRINGS = YES;
				SWIFT_VERSION = 5.0;
				TARGETED_DEVICE_FAMILY = 1;
			};
			name = Release;
		};
/* End XCBuildConfiguration section */

/* Begin XCConfigurationList section */
		A2AFB26A28766D240091C123 /* Build configuration list for PBXProject "Techl" */ = {
			isa = XCConfigurationList;
			buildConfigurations = (
				A2AFB28128766D250091C123 /* Debug */,
				A2AFB28228766D250091C123 /* Release */,
			);
			defaultConfigurationIsVisible = 0;
			defaultConfigurationName = Release;
		};
		A2AFB28328766D250091C123 /* Build configuration list for PBXNativeTarget "Techl" */ = {
			isa = XCConfigurationList;
			buildConfigurations = (
				A2AFB28428766D250091C123 /* Debug */,
				A2AFB28528766D250091C123 /* Release */,
			);
			defaultConfigurationIsVisible = 0;
			defaultConfigurationName = Release;
		};
/* End XCConfigurationList section */

/* Begin XCRemoteSwiftPackageReference section */
		A246BFB72896737000BE564C /* XCRemoteSwiftPackageReference "Alamofire" */ = {
			isa = XCRemoteSwiftPackageReference;
			repositoryURL = "https://github.com/Alamofire/Alamofire";
			requirement = {
				kind = upToNextMajorVersion;
				minimumVersion = 5.0.0;
			};
		};
		A2595380288300300065791E /* XCRemoteSwiftPackageReference "TextFieldEffects" */ = {
			isa = XCRemoteSwiftPackageReference;
			repositoryURL = "https://github.com/raulriera/TextFieldEffects";
			requirement = {
				kind = upToNextMajorVersion;
				minimumVersion = 1.0.0;
			};
		};
/* End XCRemoteSwiftPackageReference section */

/* Begin XCSwiftPackageProductDependency section */
		A246BFB82896737000BE564C /* Alamofire */ = {
			isa = XCSwiftPackageProductDependency;
			package = A246BFB72896737000BE564C /* XCRemoteSwiftPackageReference "Alamofire" */;
			productName = Alamofire;
		};
		A2595381288300300065791E /* TextFieldEffects */ = {
			isa = XCSwiftPackageProductDependency;
			package = A2595380288300300065791E /* XCRemoteSwiftPackageReference "TextFieldEffects" */;
			productName = TextFieldEffects;
		};
/* End XCSwiftPackageProductDependency section */
	};
	rootObject = A2AFB26728766D240091C123 /* Project object */;
}
